// !$*UTF8*$!
{
	archiveVersion = 1;
	classes = {
	};
	objectVersion = 52;
	objects = {

/* Begin PBXBuildFile section */
		850339FB263733BB005C0623 /* checkmark@3x.png in Resources */ = {isa = PBXBuildFile; fileRef = 850339F8263733BB005C0623 /* checkmark@3x.png */; };
		850339FC263733BB005C0623 /* checkmark@2x.png in Resources */ = {isa = PBXBuildFile; fileRef = 850339F9263733BB005C0623 /* checkmark@2x.png */; };
		850339FD263733BB005C0623 /* checkmark.png in Resources */ = {isa = PBXBuildFile; fileRef = 850339FA263733BB005C0623 /* checkmark.png */; };
		85033A0D263814CD005C0623 /* close.png in Resources */ = {isa = PBXBuildFile; fileRef = 85033A0A263814CD005C0623 /* close.png */; };
		85033A0E263814CD005C0623 /* close@2x.png in Resources */ = {isa = PBXBuildFile; fileRef = 85033A0B263814CD005C0623 /* close@2x.png */; };
		85033A0F263814CD005C0623 /* close@3x.png in Resources */ = {isa = PBXBuildFile; fileRef = 85033A0C263814CD005C0623 /* close@3x.png */; };
		85033A1C26382656005C0623 /* SecurionPayTextField.swift in Sources */ = {isa = PBXBuildFile; fileRef = 85033A1B26382656005C0623 /* SecurionPayTextField.swift */; };
		85033A4E26384E4A005C0623 /* cvc@3x.png in Resources */ = {isa = PBXBuildFile; fileRef = 85033A4826384E4A005C0623 /* cvc@3x.png */; };
		85033A4F26384E4A005C0623 /* cvc.png in Resources */ = {isa = PBXBuildFile; fileRef = 85033A4926384E4A005C0623 /* cvc.png */; };
		85033A5026384E4A005C0623 /* unknown.png in Resources */ = {isa = PBXBuildFile; fileRef = 85033A4A26384E4A005C0623 /* unknown.png */; };
		85033A5126384E4A005C0623 /* unknown@2x.png in Resources */ = {isa = PBXBuildFile; fileRef = 85033A4B26384E4A005C0623 /* unknown@2x.png */; };
		85033A5226384E4A005C0623 /* unknown@3x.png in Resources */ = {isa = PBXBuildFile; fileRef = 85033A4C26384E4A005C0623 /* unknown@3x.png */; };
		85033A5326384E4A005C0623 /* cvc@2x.png in Resources */ = {isa = PBXBuildFile; fileRef = 85033A4D26384E4A005C0623 /* cvc@2x.png */; };
		85033A75263850D4005C0623 /* visa.png in Resources */ = {isa = PBXBuildFile; fileRef = 85033A72263850D4005C0623 /* visa.png */; };
		85033A76263850D4005C0623 /* visa@2x.png in Resources */ = {isa = PBXBuildFile; fileRef = 85033A73263850D4005C0623 /* visa@2x.png */; };
		85033A77263850D4005C0623 /* visa@3x.png in Resources */ = {isa = PBXBuildFile; fileRef = 85033A74263850D4005C0623 /* visa@3x.png */; };
		85033AB926398068005C0623 /* locker@3x.png in Resources */ = {isa = PBXBuildFile; fileRef = 85033AB626398068005C0623 /* locker@3x.png */; };
		85033ABA26398068005C0623 /* locker.png in Resources */ = {isa = PBXBuildFile; fileRef = 85033AB726398068005C0623 /* locker.png */; };
		85033ABB26398068005C0623 /* locker@2x.png in Resources */ = {isa = PBXBuildFile; fileRef = 85033AB826398068005C0623 /* locker@2x.png */; };
		85033AEE263ADCBF005C0623 /* Localizable.strings in Resources */ = {isa = PBXBuildFile; fileRef = 85033AF0263ADCBF005C0623 /* Localizable.strings */; };
		85033AF7263ADE1A005C0623 /* SecurionPaySwitch.swift in Sources */ = {isa = PBXBuildFile; fileRef = 85033AF6263ADE1A005C0623 /* SecurionPaySwitch.swift */; };
		85033B24263C1237005C0623 /* UserAgentProvider.swift in Sources */ = {isa = PBXBuildFile; fileRef = 85033B23263C1237005C0623 /* UserAgentProvider.swift */; };
		85033B38263C278C005C0623 /* Keychain.swift in Sources */ = {isa = PBXBuildFile; fileRef = 85033B37263C278C005C0623 /* Keychain.swift */; };
		85033B45263C3DCB005C0623 /* LookupResult.swift in Sources */ = {isa = PBXBuildFile; fileRef = 85033B44263C3DCB005C0623 /* LookupResult.swift */; };
		85080CDE25A34AA80017A37C /* SecurionPay.swift in Sources */ = {isa = PBXBuildFile; fileRef = 85080CDD25A34AA80017A37C /* SecurionPay.swift */; };
		850C105426304481003FDCCB /* ObjCIntegrationSmokeTests.m in Sources */ = {isa = PBXBuildFile; fileRef = 850C105326304481003FDCCB /* ObjCIntegrationSmokeTests.m */; };
		850C105A2630507D003FDCCB /* CardCollectionViewCell.swift in Sources */ = {isa = PBXBuildFile; fileRef = 850C10592630507D003FDCCB /* CardCollectionViewCell.swift */; };
		850C106C263059C8003FDCCB /* CardCarousel.swift in Sources */ = {isa = PBXBuildFile; fileRef = 850C106B263059C8003FDCCB /* CardCarousel.swift */; };
		850C107E26305B6C003FDCCB /* Card.swift in Sources */ = {isa = PBXBuildFile; fileRef = 850C107D26305B6C003FDCCB /* Card.swift */; };
		85116E27272D9CF000AFF61F /* DebugEventListener.swift in Sources */ = {isa = PBXBuildFile; fileRef = 85116E26272D9CF000AFF61F /* DebugEventListener.swift */; };
		85116E29272D9D3800AFF61F /* DebugSecurityEventListener.swift in Sources */ = {isa = PBXBuildFile; fileRef = 85116E28272D9D3800AFF61F /* DebugSecurityEventListener.swift */; };
		85116E2B272D9D9A00AFF61F /* ThreeDUICustomizationFactory.swift in Sources */ = {isa = PBXBuildFile; fileRef = 85116E2A272D9D9A00AFF61F /* ThreeDUICustomizationFactory.swift */; };
		851C10F12636F521005001B3 /* add_card.png in Resources */ = {isa = PBXBuildFile; fileRef = 851C10EE2636F521005001B3 /* add_card.png */; };
		851C10F22636F521005001B3 /* add_card@2x.png in Resources */ = {isa = PBXBuildFile; fileRef = 851C10EF2636F521005001B3 /* add_card@2x.png */; };
		851C10F32636F521005001B3 /* add_card@3x.png in Resources */ = {isa = PBXBuildFile; fileRef = 851C10F02636F521005001B3 /* add_card@3x.png */; };
		853146D52629D3290031E5A9 /* TestCardNumbers.swift in Sources */ = {isa = PBXBuildFile; fileRef = 853146D42629D3290031E5A9 /* TestCardNumbers.swift */; };
		853146DD2629D5C90031E5A9 /* PaymentTests.swift in Sources */ = {isa = PBXBuildFile; fileRef = 853146DC2629D5C90031E5A9 /* PaymentTests.swift */; };
		853146E52629D9870031E5A9 /* CreditCardNumberGenerator.swift in Sources */ = {isa = PBXBuildFile; fileRef = 853146E42629D9870031E5A9 /* CreditCardNumberGenerator.swift */; };
		8543252025923B79004877D2 /* securionpay_ios.h in Headers */ = {isa = PBXBuildFile; fileRef = 8543251E25923B79004877D2 /* securionpay_ios.h */; settings = {ATTRIBUTES = (Public, ); }; };
		8564C9D72629E1E20022C3D2 /* Token.swift in Sources */ = {isa = PBXBuildFile; fileRef = 8564C9D62629E1E20022C3D2 /* Token.swift */; };
		8564C9DF2629E1F40022C3D2 /* TokenRequest.swift in Sources */ = {isa = PBXBuildFile; fileRef = 8564C9DE2629E1F40022C3D2 /* TokenRequest.swift */; };
		8564C9E42629E2180022C3D2 /* CheckoutRequest.swift in Sources */ = {isa = PBXBuildFile; fileRef = 8564C9E32629E2180022C3D2 /* CheckoutRequest.swift */; };
		8564C9E92629E2350022C3D2 /* PaymentRequest.swift in Sources */ = {isa = PBXBuildFile; fileRef = 8564C9E82629E2350022C3D2 /* PaymentRequest.swift */; };
		8564C9EE2629E24B0022C3D2 /* PaymentResult.swift in Sources */ = {isa = PBXBuildFile; fileRef = 8564C9ED2629E24B0022C3D2 /* PaymentResult.swift */; };
		8564C9F32629E2640022C3D2 /* SecurionPayError.swift in Sources */ = {isa = PBXBuildFile; fileRef = 8564C9F22629E2640022C3D2 /* SecurionPayError.swift */; };
		8564C9F82629E28B0022C3D2 /* UIFont+register.swift in Sources */ = {isa = PBXBuildFile; fileRef = 8564C9F72629E28B0022C3D2 /* UIFont+register.swift */; };
		8564CA062629E5A80022C3D2 /* APIProvider.swift in Sources */ = {isa = PBXBuildFile; fileRef = 8564CA052629E5A80022C3D2 /* APIProvider.swift */; };
		8564CA152629E9840022C3D2 /* CheckoutRequestTests.swift in Sources */ = {isa = PBXBuildFile; fileRef = 8564CA142629E9840022C3D2 /* CheckoutRequestTests.swift */; };
		8564CA1D262D81D00022C3D2 /* AccessibilityIdentifiers.swift in Sources */ = {isa = PBXBuildFile; fileRef = 8564CA1C262D81D00022C3D2 /* AccessibilityIdentifiers.swift */; };
		8564CA95262DC4520022C3D2 /* ExpirationDateFormatter.swift in Sources */ = {isa = PBXBuildFile; fileRef = 8564CA94262DC4520022C3D2 /* ExpirationDateFormatter.swift */; };
		8564CAAA262ED3650022C3D2 /* ExpirationDateFormatterTests.swift in Sources */ = {isa = PBXBuildFile; fileRef = 8564CAA2262ED2C00022C3D2 /* ExpirationDateFormatterTests.swift */; };
		8564CAAF262EEF450022C3D2 /* FontsLoader.swift in Sources */ = {isa = PBXBuildFile; fileRef = 8564CAAE262EEF450022C3D2 /* FontsLoader.swift */; };
		856D29C4262081E500CCE92B /* CheckoutViewController.swift in Sources */ = {isa = PBXBuildFile; fileRef = 856D29C3262081E500CCE92B /* CheckoutViewController.swift */; };
		856D29CE26243C7600CCE92B /* CurrencyFormatter.swift in Sources */ = {isa = PBXBuildFile; fileRef = 856D29CD26243C7600CCE92B /* CurrencyFormatter.swift */; };
		856D29D926243CB800CCE92B /* Currency.swift in Sources */ = {isa = PBXBuildFile; fileRef = 856D29D826243CB800CCE92B /* Currency.swift */; };
		856D29E226243F2500CCE92B /* String+Extensions.swift in Sources */ = {isa = PBXBuildFile; fileRef = 856D29E126243F2500CCE92B /* String+Extensions.swift */; };
		856D29EB2624664700CCE92B /* Style.swift in Sources */ = {isa = PBXBuildFile; fileRef = 856D29EA2624664700CCE92B /* Style.swift */; };
		8571C65126BA99BD0089AD07 /* ThreeDSecureInfo.swift in Sources */ = {isa = PBXBuildFile; fileRef = 8571C65026BA99BD0089AD07 /* ThreeDSecureInfo.swift */; };
		8571C65726BACDD50089AD07 /* ThreeDSecureAuthentication.swift in Sources */ = {isa = PBXBuildFile; fileRef = 8571C65626BACDD50089AD07 /* ThreeDSecureAuthentication.swift */; };
		857FCB2F272C936D0059946F /* ipworks3ds_sdk.xcframework in Frameworks */ = {isa = PBXBuildFile; fileRef = 857FCB2E272C936D0059946F /* ipworks3ds_sdk.xcframework */; settings = {ATTRIBUTES = (Required, ); }; };
		85809F79264173E100EC7D21 /* Phone.swift in Sources */ = {isa = PBXBuildFile; fileRef = 85809F78264173E100EC7D21 /* Phone.swift */; };
		85809F862641751700EC7D21 /* SMS.swift in Sources */ = {isa = PBXBuildFile; fileRef = 85809F852641751700EC7D21 /* SMS.swift */; };
		85809F922642AF0E00EC7D21 /* Lato-Bold.ttf in Resources */ = {isa = PBXBuildFile; fileRef = 851C10E22636ECD1005001B3 /* Lato-Bold.ttf */; };
		85809F942642AF1100EC7D21 /* Lato-Regular.ttf in Resources */ = {isa = PBXBuildFile; fileRef = 851C10E32636ECD1005001B3 /* Lato-Regular.ttf */; };
		85809F962642AF1300EC7D21 /* Montserrat-Bold.ttf in Resources */ = {isa = PBXBuildFile; fileRef = 851C10E12636ECD1005001B3 /* Montserrat-Bold.ttf */; };
		85809FA12653DFC900EC7D21 /* SMSCodeTextField.swift in Sources */ = {isa = PBXBuildFile; fileRef = 85809FA02653DFC800EC7D21 /* SMSCodeTextField.swift */; };
		858A93082629B367003586DF /* CreditCardTests.swift in Sources */ = {isa = PBXBuildFile; fileRef = 85DEA59126272EB300EBAFC0 /* CreditCardTests.swift */; };
		858A931D2629BAD5003586DF /* CreatingTokensTests.swift in Sources */ = {isa = PBXBuildFile; fileRef = 858A93152629BAC8003586DF /* CreatingTokensTests.swift */; };
		858A932D2629BDC5003586DF /* SecurionPayAPI.swift in Sources */ = {isa = PBXBuildFile; fileRef = 858A93222629BDBA003586DF /* SecurionPayAPI.swift */; };
		858A933C2629C286003586DF /* PaymentTestsPreventingRateLimits.swift in Sources */ = {isa = PBXBuildFile; fileRef = 858A93342629C275003586DF /* PaymentTestsPreventingRateLimits.swift */; };
		858A934B2629C41E003586DF /* CheckoutRequestGenerator.swift in Sources */ = {isa = PBXBuildFile; fileRef = 858A93402629C31E003586DF /* CheckoutRequestGenerator.swift */; };
		8596854427297FA200C4BEC2 /* ValidationErrorsTests.swift in Sources */ = {isa = PBXBuildFile; fileRef = 8596854327297FA100C4BEC2 /* ValidationErrorsTests.swift */; };
		8596854627297FAE00C4BEC2 /* ProcessingErrorsTests.swift in Sources */ = {isa = PBXBuildFile; fileRef = 8596854527297FAE00C4BEC2 /* ProcessingErrorsTests.swift */; };
		8596854A2729DEB200C4BEC2 /* APIConfig.swift in Sources */ = {isa = PBXBuildFile; fileRef = 859685492729DEB200C4BEC2 /* APIConfig.swift */; };
		8596854D2729E25C00C4BEC2 /* APIConfig.swift in Sources */ = {isa = PBXBuildFile; fileRef = 859685492729DEB200C4BEC2 /* APIConfig.swift */; };
		8596854F2729EF1400C4BEC2 /* ThreeDAuthenticator.swift in Sources */ = {isa = PBXBuildFile; fileRef = 8596854E2729EF1400C4BEC2 /* ThreeDAuthenticator.swift */; };
		85968551272AC62000C4BEC2 /* VerifySMSRequest.swift in Sources */ = {isa = PBXBuildFile; fileRef = 85968550272AC62000C4BEC2 /* VerifySMSRequest.swift */; };
		85968553272AC65200C4BEC2 /* VerifySMSResponse.swift in Sources */ = {isa = PBXBuildFile; fileRef = 85968552272AC65200C4BEC2 /* VerifySMSResponse.swift */; };
		85968555272AC9F400C4BEC2 /* CheckoutRequestDetailsRequest.swift in Sources */ = {isa = PBXBuildFile; fileRef = 85968554272AC9F400C4BEC2 /* CheckoutRequestDetailsRequest.swift */; };
		85968557272ACA0900C4BEC2 /* LookupRequest.swift in Sources */ = {isa = PBXBuildFile; fileRef = 85968556272ACA0900C4BEC2 /* LookupRequest.swift */; };
		85968559272ACA5500C4BEC2 /* SavedTokenRequest.swift in Sources */ = {isa = PBXBuildFile; fileRef = 85968558272ACA5500C4BEC2 /* SavedTokenRequest.swift */; };
		8596855B272ACA7A00C4BEC2 /* SendSMSRequest.swift in Sources */ = {isa = PBXBuildFile; fileRef = 8596855A272ACA7A00C4BEC2 /* SendSMSRequest.swift */; };
		8596855D272ACABE00C4BEC2 /* ThreeDSecureRequest.swift in Sources */ = {isa = PBXBuildFile; fileRef = 8596855C272ACABE00C4BEC2 /* ThreeDSecureRequest.swift */; };
		8596855F272ACB0E00C4BEC2 /* ThreeDSecureAuthenticateRequest.swift in Sources */ = {isa = PBXBuildFile; fileRef = 8596855E272ACB0E00C4BEC2 /* ThreeDSecureAuthenticateRequest.swift */; };
		85968561272ACB3A00C4BEC2 /* ThreeDSecureCompleteRequeset.swift in Sources */ = {isa = PBXBuildFile; fileRef = 85968560272ACB3A00C4BEC2 /* ThreeDSecureCompleteRequeset.swift */; };
		85AE26AF26E651D60090404B /* ipworks3ds_ds_visa@3x.png in Resources */ = {isa = PBXBuildFile; fileRef = 85AE26AC26E651D60090404B /* ipworks3ds_ds_visa@3x.png */; };
		85AE26B026E651D60090404B /* ipworks3ds_ds_visa.png in Resources */ = {isa = PBXBuildFile; fileRef = 85AE26AD26E651D60090404B /* ipworks3ds_ds_visa.png */; };
		85AE26B126E651D60090404B /* ipworks3ds_ds_visa@2x.png in Resources */ = {isa = PBXBuildFile; fileRef = 85AE26AE26E651D60090404B /* ipworks3ds_ds_visa@2x.png */; };
		85AE26B326E652070090404B /* ThreeDManager.swift in Sources */ = {isa = PBXBuildFile; fileRef = 85AE26B226E652070090404B /* ThreeDManager.swift */; };
		85B00AA227314DCA00189149 /* TestConfig.swift in Sources */ = {isa = PBXBuildFile; fileRef = 85B00AA127314DCA00189149 /* TestConfig.swift */; };
		85DB312B271DA5FA00DA1E2C /* CheckoutManager.swift in Sources */ = {isa = PBXBuildFile; fileRef = 85DB312A271DA5FA00DA1E2C /* CheckoutManager.swift */; };
		85DB312D271DB66D00DA1E2C /* CheckoutRequestDetails.swift in Sources */ = {isa = PBXBuildFile; fileRef = 85DB312C271DB66D00DA1E2C /* CheckoutRequestDetails.swift */; };
		85DEA507262467D100EBAFC0 /* UIColor+String.swift in Sources */ = {isa = PBXBuildFile; fileRef = 85DEA506262467D100EBAFC0 /* UIColor+String.swift */; };
		85DEA56F262726BF00EBAFC0 /* maestro@3x.png in Resources */ = {isa = PBXBuildFile; fileRef = 85DEA55A262726BE00EBAFC0 /* maestro@3x.png */; };
		85DEA570262726BF00EBAFC0 /* amex@3x.png in Resources */ = {isa = PBXBuildFile; fileRef = 85DEA55B262726BE00EBAFC0 /* amex@3x.png */; };
		85DEA571262726BF00EBAFC0 /* diners.png in Resources */ = {isa = PBXBuildFile; fileRef = 85DEA55C262726BE00EBAFC0 /* diners.png */; };
		85DEA572262726BF00EBAFC0 /* jcb@2x.png in Resources */ = {isa = PBXBuildFile; fileRef = 85DEA55D262726BE00EBAFC0 /* jcb@2x.png */; };
		85DEA573262726BF00EBAFC0 /* mastercard.png in Resources */ = {isa = PBXBuildFile; fileRef = 85DEA55E262726BE00EBAFC0 /* mastercard.png */; };
		85DEA577262726BF00EBAFC0 /* mastercard@3x.png in Resources */ = {isa = PBXBuildFile; fileRef = 85DEA562262726BE00EBAFC0 /* mastercard@3x.png */; };
		85DEA578262726BF00EBAFC0 /* mastercard@2x.png in Resources */ = {isa = PBXBuildFile; fileRef = 85DEA563262726BE00EBAFC0 /* mastercard@2x.png */; };
		85DEA579262726BF00EBAFC0 /* diners@3x.png in Resources */ = {isa = PBXBuildFile; fileRef = 85DEA564262726BE00EBAFC0 /* diners@3x.png */; };
		85DEA57A262726BF00EBAFC0 /* jcb@3x.png in Resources */ = {isa = PBXBuildFile; fileRef = 85DEA565262726BE00EBAFC0 /* jcb@3x.png */; };
		85DEA57B262726BF00EBAFC0 /* discover@2x.png in Resources */ = {isa = PBXBuildFile; fileRef = 85DEA566262726BF00EBAFC0 /* discover@2x.png */; };
		85DEA57C262726BF00EBAFC0 /* jcb.png in Resources */ = {isa = PBXBuildFile; fileRef = 85DEA567262726BF00EBAFC0 /* jcb.png */; };
		85DEA57D262726BF00EBAFC0 /* discover.png in Resources */ = {isa = PBXBuildFile; fileRef = 85DEA568262726BF00EBAFC0 /* discover.png */; };
		85DEA57E262726BF00EBAFC0 /* diners@2x.png in Resources */ = {isa = PBXBuildFile; fileRef = 85DEA569262726BF00EBAFC0 /* diners@2x.png */; };
		85DEA57F262726BF00EBAFC0 /* discover@3x.png in Resources */ = {isa = PBXBuildFile; fileRef = 85DEA56A262726BF00EBAFC0 /* discover@3x.png */; };
		85DEA580262726BF00EBAFC0 /* amex@2x.png in Resources */ = {isa = PBXBuildFile; fileRef = 85DEA56B262726BF00EBAFC0 /* amex@2x.png */; };
		85DEA581262726BF00EBAFC0 /* amex.png in Resources */ = {isa = PBXBuildFile; fileRef = 85DEA56C262726BF00EBAFC0 /* amex.png */; };
		85DEA582262726BF00EBAFC0 /* maestro.png in Resources */ = {isa = PBXBuildFile; fileRef = 85DEA56D262726BF00EBAFC0 /* maestro.png */; };
		85DEA583262726BF00EBAFC0 /* maestro@2x.png in Resources */ = {isa = PBXBuildFile; fileRef = 85DEA56E262726BF00EBAFC0 /* maestro@2x.png */; };
		85DEA5EA2628835200EBAFC0 /* SecurionPay.framework in Frameworks */ = {isa = PBXBuildFile; fileRef = 8543251B25923B79004877D2 /* SecurionPay.framework */; };
		85EFF6F326550F3300A0C104 /* locker_dark@2x.png in Resources */ = {isa = PBXBuildFile; fileRef = 85EFF6F026550F3300A0C104 /* locker_dark@2x.png */; };
		85EFF6F426550F3300A0C104 /* locker_dark@3x.png in Resources */ = {isa = PBXBuildFile; fileRef = 85EFF6F126550F3300A0C104 /* locker_dark@3x.png */; };
		85EFF6F526550F3300A0C104 /* locker_dark.png in Resources */ = {isa = PBXBuildFile; fileRef = 85EFF6F226550F3300A0C104 /* locker_dark.png */; };
		85EFF7022655187D00A0C104 /* SpinnerSection.swift in Sources */ = {isa = PBXBuildFile; fileRef = 85EFF7012655187D00A0C104 /* SpinnerSection.swift */; };
		85F22B5B25A4C32F00E4FEE3 /* SecurionPayButton.swift in Sources */ = {isa = PBXBuildFile; fileRef = 85F22B5A25A4C32F00E4FEE3 /* SecurionPayButton.swift */; };
		85F22B6925A4F0EF00E4FEE3 /* CreditCard.swift in Sources */ = {isa = PBXBuildFile; fileRef = 85F22B6825A4F0EF00E4FEE3 /* CreditCard.swift */; };
		85F22B7C25A4F25700E4FEE3 /* UIImage+Bundle.swift in Sources */ = {isa = PBXBuildFile; fileRef = 85F22B7B25A4F25700E4FEE3 /* UIImage+Bundle.swift */; };
		85F5B53225A8AAD500361899 /* SecurionPayStyle.swift in Sources */ = {isa = PBXBuildFile; fileRef = 85F5B53125A8AAD500361899 /* SecurionPayStyle.swift */; };
		85F868FB26EF7D5200944AE9 /* DirectoryServerCertificate.swift in Sources */ = {isa = PBXBuildFile; fileRef = 85F868F926EF7D5200944AE9 /* DirectoryServerCertificate.swift */; };
		85F868FC26EF7D5200944AE9 /* ThreeDSecureInitResult.swift in Sources */ = {isa = PBXBuildFile; fileRef = 85F868FA26EF7D5200944AE9 /* ThreeDSecureInitResult.swift */; };
/* End PBXBuildFile section */

/* Begin PBXContainerItemProxy section */
		85DEA5EB2628835200EBAFC0 /* PBXContainerItemProxy */ = {
			isa = PBXContainerItemProxy;
			containerPortal = 8543251225923B79004877D2 /* Project object */;
			proxyType = 1;
			remoteGlobalIDString = 8543251A25923B79004877D2;
			remoteInfo = "securionpay-ios";
		};
/* End PBXContainerItemProxy section */

/* Begin PBXCopyFilesBuildPhase section */
		85572E112629AC9C00259E8F /* Embed Frameworks */ = {
			isa = PBXCopyFilesBuildPhase;
			buildActionMask = 2147483647;
			dstPath = "";
			dstSubfolderSpec = 10;
			files = (
			);
			name = "Embed Frameworks";
			runOnlyForDeploymentPostprocessing = 0;
		};
/* End PBXCopyFilesBuildPhase section */

/* Begin PBXFileReference section */
		850339F8263733BB005C0623 /* checkmark@3x.png */ = {isa = PBXFileReference; lastKnownFileType = image.png; path = "checkmark@3x.png"; sourceTree = "<group>"; };
		850339F9263733BB005C0623 /* checkmark@2x.png */ = {isa = PBXFileReference; lastKnownFileType = image.png; path = "checkmark@2x.png"; sourceTree = "<group>"; };
		850339FA263733BB005C0623 /* checkmark.png */ = {isa = PBXFileReference; lastKnownFileType = image.png; path = checkmark.png; sourceTree = "<group>"; };
		85033A0A263814CD005C0623 /* close.png */ = {isa = PBXFileReference; lastKnownFileType = image.png; path = close.png; sourceTree = "<group>"; };
		85033A0B263814CD005C0623 /* close@2x.png */ = {isa = PBXFileReference; lastKnownFileType = image.png; path = "close@2x.png"; sourceTree = "<group>"; };
		85033A0C263814CD005C0623 /* close@3x.png */ = {isa = PBXFileReference; lastKnownFileType = image.png; path = "close@3x.png"; sourceTree = "<group>"; };
		85033A1B26382656005C0623 /* SecurionPayTextField.swift */ = {isa = PBXFileReference; lastKnownFileType = sourcecode.swift; path = SecurionPayTextField.swift; sourceTree = "<group>"; };
		85033A4826384E4A005C0623 /* cvc@3x.png */ = {isa = PBXFileReference; lastKnownFileType = image.png; path = "cvc@3x.png"; sourceTree = "<group>"; };
		85033A4926384E4A005C0623 /* cvc.png */ = {isa = PBXFileReference; lastKnownFileType = image.png; path = cvc.png; sourceTree = "<group>"; };
		85033A4A26384E4A005C0623 /* unknown.png */ = {isa = PBXFileReference; lastKnownFileType = image.png; path = unknown.png; sourceTree = "<group>"; };
		85033A4B26384E4A005C0623 /* unknown@2x.png */ = {isa = PBXFileReference; lastKnownFileType = image.png; path = "unknown@2x.png"; sourceTree = "<group>"; };
		85033A4C26384E4A005C0623 /* unknown@3x.png */ = {isa = PBXFileReference; lastKnownFileType = image.png; path = "unknown@3x.png"; sourceTree = "<group>"; };
		85033A4D26384E4A005C0623 /* cvc@2x.png */ = {isa = PBXFileReference; lastKnownFileType = image.png; path = "cvc@2x.png"; sourceTree = "<group>"; };
		85033A72263850D4005C0623 /* visa.png */ = {isa = PBXFileReference; lastKnownFileType = image.png; path = visa.png; sourceTree = "<group>"; };
		85033A73263850D4005C0623 /* visa@2x.png */ = {isa = PBXFileReference; lastKnownFileType = image.png; path = "visa@2x.png"; sourceTree = "<group>"; };
		85033A74263850D4005C0623 /* visa@3x.png */ = {isa = PBXFileReference; lastKnownFileType = image.png; path = "visa@3x.png"; sourceTree = "<group>"; };
		85033AB626398068005C0623 /* locker@3x.png */ = {isa = PBXFileReference; lastKnownFileType = image.png; path = "locker@3x.png"; sourceTree = "<group>"; };
		85033AB726398068005C0623 /* locker.png */ = {isa = PBXFileReference; lastKnownFileType = image.png; path = locker.png; sourceTree = "<group>"; };
		85033AB826398068005C0623 /* locker@2x.png */ = {isa = PBXFileReference; lastKnownFileType = image.png; path = "locker@2x.png"; sourceTree = "<group>"; };
		85033AEF263ADCBF005C0623 /* en */ = {isa = PBXFileReference; lastKnownFileType = text.plist.strings; name = en; path = en.lproj/Localizable.strings; sourceTree = "<group>"; };
		85033AF3263ADD3C005C0623 /* pl-PL */ = {isa = PBXFileReference; lastKnownFileType = text.plist.strings; name = "pl-PL"; path = "pl-PL.lproj/Localizable.strings"; sourceTree = "<group>"; };
		85033AF6263ADE1A005C0623 /* SecurionPaySwitch.swift */ = {isa = PBXFileReference; fileEncoding = 4; lastKnownFileType = sourcecode.swift; path = SecurionPaySwitch.swift; sourceTree = "<group>"; };
		85033B23263C1237005C0623 /* UserAgentProvider.swift */ = {isa = PBXFileReference; lastKnownFileType = sourcecode.swift; path = UserAgentProvider.swift; sourceTree = "<group>"; };
		85033B37263C278C005C0623 /* Keychain.swift */ = {isa = PBXFileReference; lastKnownFileType = sourcecode.swift; path = Keychain.swift; sourceTree = "<group>"; };
		85033B44263C3DCB005C0623 /* LookupResult.swift */ = {isa = PBXFileReference; lastKnownFileType = sourcecode.swift; path = LookupResult.swift; sourceTree = "<group>"; };
		85080CDD25A34AA80017A37C /* SecurionPay.swift */ = {isa = PBXFileReference; lastKnownFileType = sourcecode.swift; path = SecurionPay.swift; sourceTree = "<group>"; };
		850C105226304481003FDCCB /* UnitTests-Bridging-Header.h */ = {isa = PBXFileReference; lastKnownFileType = sourcecode.c.h; path = "UnitTests-Bridging-Header.h"; sourceTree = "<group>"; };
		850C105326304481003FDCCB /* ObjCIntegrationSmokeTests.m */ = {isa = PBXFileReference; lastKnownFileType = sourcecode.c.objc; path = ObjCIntegrationSmokeTests.m; sourceTree = "<group>"; };
		850C10592630507D003FDCCB /* CardCollectionViewCell.swift */ = {isa = PBXFileReference; lastKnownFileType = sourcecode.swift; path = CardCollectionViewCell.swift; sourceTree = "<group>"; };
		850C106B263059C8003FDCCB /* CardCarousel.swift */ = {isa = PBXFileReference; lastKnownFileType = sourcecode.swift; path = CardCarousel.swift; sourceTree = "<group>"; };
		850C107D26305B6C003FDCCB /* Card.swift */ = {isa = PBXFileReference; lastKnownFileType = sourcecode.swift; path = Card.swift; sourceTree = "<group>"; };
		85116E26272D9CF000AFF61F /* DebugEventListener.swift */ = {isa = PBXFileReference; lastKnownFileType = sourcecode.swift; path = DebugEventListener.swift; sourceTree = "<group>"; };
		85116E28272D9D3800AFF61F /* DebugSecurityEventListener.swift */ = {isa = PBXFileReference; lastKnownFileType = sourcecode.swift; path = DebugSecurityEventListener.swift; sourceTree = "<group>"; };
		85116E2A272D9D9A00AFF61F /* ThreeDUICustomizationFactory.swift */ = {isa = PBXFileReference; lastKnownFileType = sourcecode.swift; path = ThreeDUICustomizationFactory.swift; sourceTree = "<group>"; };
		851C10E12636ECD1005001B3 /* Montserrat-Bold.ttf */ = {isa = PBXFileReference; lastKnownFileType = file; path = "Montserrat-Bold.ttf"; sourceTree = "<group>"; };
		851C10E22636ECD1005001B3 /* Lato-Bold.ttf */ = {isa = PBXFileReference; lastKnownFileType = file; path = "Lato-Bold.ttf"; sourceTree = "<group>"; };
		851C10E32636ECD1005001B3 /* Lato-Regular.ttf */ = {isa = PBXFileReference; lastKnownFileType = file; path = "Lato-Regular.ttf"; sourceTree = "<group>"; };
		851C10EE2636F521005001B3 /* add_card.png */ = {isa = PBXFileReference; lastKnownFileType = image.png; path = add_card.png; sourceTree = "<group>"; };
		851C10EF2636F521005001B3 /* add_card@2x.png */ = {isa = PBXFileReference; lastKnownFileType = image.png; path = "add_card@2x.png"; sourceTree = "<group>"; };
		851C10F02636F521005001B3 /* add_card@3x.png */ = {isa = PBXFileReference; lastKnownFileType = image.png; path = "add_card@3x.png"; sourceTree = "<group>"; };
		853146D42629D3290031E5A9 /* TestCardNumbers.swift */ = {isa = PBXFileReference; lastKnownFileType = sourcecode.swift; path = TestCardNumbers.swift; sourceTree = "<group>"; };
		853146DC2629D5C90031E5A9 /* PaymentTests.swift */ = {isa = PBXFileReference; lastKnownFileType = sourcecode.swift; path = PaymentTests.swift; sourceTree = "<group>"; };
		853146E42629D9870031E5A9 /* CreditCardNumberGenerator.swift */ = {isa = PBXFileReference; lastKnownFileType = sourcecode.swift; path = CreditCardNumberGenerator.swift; sourceTree = "<group>"; };
		8543251B25923B79004877D2 /* SecurionPay.framework */ = {isa = PBXFileReference; explicitFileType = wrapper.framework; includeInIndex = 0; path = SecurionPay.framework; sourceTree = BUILT_PRODUCTS_DIR; };
		8543251E25923B79004877D2 /* securionpay_ios.h */ = {isa = PBXFileReference; lastKnownFileType = sourcecode.c.h; path = securionpay_ios.h; sourceTree = "<group>"; };
		8543251F25923B79004877D2 /* Info.plist */ = {isa = PBXFileReference; lastKnownFileType = text.plist.xml; path = Info.plist; sourceTree = "<group>"; };
		8564C9D62629E1E20022C3D2 /* Token.swift */ = {isa = PBXFileReference; lastKnownFileType = sourcecode.swift; path = Token.swift; sourceTree = "<group>"; };
		8564C9DE2629E1F40022C3D2 /* TokenRequest.swift */ = {isa = PBXFileReference; lastKnownFileType = sourcecode.swift; path = TokenRequest.swift; sourceTree = "<group>"; };
		8564C9E32629E2180022C3D2 /* CheckoutRequest.swift */ = {isa = PBXFileReference; lastKnownFileType = sourcecode.swift; path = CheckoutRequest.swift; sourceTree = "<group>"; };
		8564C9E82629E2350022C3D2 /* PaymentRequest.swift */ = {isa = PBXFileReference; lastKnownFileType = sourcecode.swift; path = PaymentRequest.swift; sourceTree = "<group>"; };
		8564C9ED2629E24B0022C3D2 /* PaymentResult.swift */ = {isa = PBXFileReference; lastKnownFileType = sourcecode.swift; path = PaymentResult.swift; sourceTree = "<group>"; };
		8564C9F22629E2640022C3D2 /* SecurionPayError.swift */ = {isa = PBXFileReference; lastKnownFileType = sourcecode.swift; path = SecurionPayError.swift; sourceTree = "<group>"; };
		8564C9F72629E28B0022C3D2 /* UIFont+register.swift */ = {isa = PBXFileReference; lastKnownFileType = sourcecode.swift; path = "UIFont+register.swift"; sourceTree = "<group>"; };
		8564CA052629E5A80022C3D2 /* APIProvider.swift */ = {isa = PBXFileReference; lastKnownFileType = sourcecode.swift; path = APIProvider.swift; sourceTree = "<group>"; };
		8564CA142629E9840022C3D2 /* CheckoutRequestTests.swift */ = {isa = PBXFileReference; lastKnownFileType = sourcecode.swift; path = CheckoutRequestTests.swift; sourceTree = "<group>"; };
		8564CA1C262D81D00022C3D2 /* AccessibilityIdentifiers.swift */ = {isa = PBXFileReference; lastKnownFileType = sourcecode.swift; path = AccessibilityIdentifiers.swift; sourceTree = "<group>"; };
		8564CA94262DC4520022C3D2 /* ExpirationDateFormatter.swift */ = {isa = PBXFileReference; lastKnownFileType = sourcecode.swift; path = ExpirationDateFormatter.swift; sourceTree = "<group>"; };
		8564CAA2262ED2C00022C3D2 /* ExpirationDateFormatterTests.swift */ = {isa = PBXFileReference; lastKnownFileType = sourcecode.swift; path = ExpirationDateFormatterTests.swift; sourceTree = "<group>"; };
		8564CAAE262EEF450022C3D2 /* FontsLoader.swift */ = {isa = PBXFileReference; lastKnownFileType = sourcecode.swift; path = FontsLoader.swift; sourceTree = "<group>"; };
		856D29C3262081E500CCE92B /* CheckoutViewController.swift */ = {isa = PBXFileReference; fileEncoding = 4; lastKnownFileType = sourcecode.swift; path = CheckoutViewController.swift; sourceTree = "<group>"; };
		856D29CD26243C7600CCE92B /* CurrencyFormatter.swift */ = {isa = PBXFileReference; lastKnownFileType = sourcecode.swift; path = CurrencyFormatter.swift; sourceTree = "<group>"; };
		856D29D826243CB800CCE92B /* Currency.swift */ = {isa = PBXFileReference; lastKnownFileType = sourcecode.swift; path = Currency.swift; sourceTree = "<group>"; };
		856D29E126243F2500CCE92B /* String+Extensions.swift */ = {isa = PBXFileReference; lastKnownFileType = sourcecode.swift; path = "String+Extensions.swift"; sourceTree = "<group>"; };
		856D29EA2624664700CCE92B /* Style.swift */ = {isa = PBXFileReference; lastKnownFileType = sourcecode.swift; path = Style.swift; sourceTree = "<group>"; };
		8571C65026BA99BD0089AD07 /* ThreeDSecureInfo.swift */ = {isa = PBXFileReference; lastKnownFileType = sourcecode.swift; path = ThreeDSecureInfo.swift; sourceTree = "<group>"; };
		8571C65626BACDD50089AD07 /* ThreeDSecureAuthentication.swift */ = {isa = PBXFileReference; fileEncoding = 4; lastKnownFileType = sourcecode.swift; path = ThreeDSecureAuthentication.swift; sourceTree = "<group>"; };
		857FCB2E272C936D0059946F /* ipworks3ds_sdk.xcframework */ = {isa = PBXFileReference; lastKnownFileType = wrapper.xcframework; name = ipworks3ds_sdk.xcframework; path = Debug/ipworks3ds_sdk.xcframework; sourceTree = "<group>"; };
		85809F78264173E100EC7D21 /* Phone.swift */ = {isa = PBXFileReference; lastKnownFileType = sourcecode.swift; path = Phone.swift; sourceTree = "<group>"; };
		85809F852641751700EC7D21 /* SMS.swift */ = {isa = PBXFileReference; lastKnownFileType = sourcecode.swift; path = SMS.swift; sourceTree = "<group>"; };
		85809FA02653DFC800EC7D21 /* SMSCodeTextField.swift */ = {isa = PBXFileReference; lastKnownFileType = sourcecode.swift; path = SMSCodeTextField.swift; sourceTree = "<group>"; };
		858A93152629BAC8003586DF /* CreatingTokensTests.swift */ = {isa = PBXFileReference; lastKnownFileType = sourcecode.swift; path = CreatingTokensTests.swift; sourceTree = "<group>"; };
		858A93222629BDBA003586DF /* SecurionPayAPI.swift */ = {isa = PBXFileReference; lastKnownFileType = sourcecode.swift; path = SecurionPayAPI.swift; sourceTree = "<group>"; };
		858A93342629C275003586DF /* PaymentTestsPreventingRateLimits.swift */ = {isa = PBXFileReference; lastKnownFileType = sourcecode.swift; path = PaymentTestsPreventingRateLimits.swift; sourceTree = "<group>"; };
		858A93402629C31E003586DF /* CheckoutRequestGenerator.swift */ = {isa = PBXFileReference; lastKnownFileType = sourcecode.swift; path = CheckoutRequestGenerator.swift; sourceTree = "<group>"; };
		8596854327297FA100C4BEC2 /* ValidationErrorsTests.swift */ = {isa = PBXFileReference; lastKnownFileType = sourcecode.swift; path = ValidationErrorsTests.swift; sourceTree = "<group>"; };
		8596854527297FAE00C4BEC2 /* ProcessingErrorsTests.swift */ = {isa = PBXFileReference; lastKnownFileType = sourcecode.swift; path = ProcessingErrorsTests.swift; sourceTree = "<group>"; };
		859685492729DEB200C4BEC2 /* APIConfig.swift */ = {isa = PBXFileReference; lastKnownFileType = sourcecode.swift; path = APIConfig.swift; sourceTree = "<group>"; };
		8596854E2729EF1400C4BEC2 /* ThreeDAuthenticator.swift */ = {isa = PBXFileReference; lastKnownFileType = sourcecode.swift; path = ThreeDAuthenticator.swift; sourceTree = "<group>"; };
		85968550272AC62000C4BEC2 /* VerifySMSRequest.swift */ = {isa = PBXFileReference; lastKnownFileType = sourcecode.swift; path = VerifySMSRequest.swift; sourceTree = "<group>"; };
		85968552272AC65200C4BEC2 /* VerifySMSResponse.swift */ = {isa = PBXFileReference; lastKnownFileType = sourcecode.swift; path = VerifySMSResponse.swift; sourceTree = "<group>"; };
		85968554272AC9F400C4BEC2 /* CheckoutRequestDetailsRequest.swift */ = {isa = PBXFileReference; lastKnownFileType = sourcecode.swift; path = CheckoutRequestDetailsRequest.swift; sourceTree = "<group>"; };
		85968556272ACA0900C4BEC2 /* LookupRequest.swift */ = {isa = PBXFileReference; lastKnownFileType = sourcecode.swift; path = LookupRequest.swift; sourceTree = "<group>"; };
		85968558272ACA5500C4BEC2 /* SavedTokenRequest.swift */ = {isa = PBXFileReference; lastKnownFileType = sourcecode.swift; path = SavedTokenRequest.swift; sourceTree = "<group>"; };
		8596855A272ACA7A00C4BEC2 /* SendSMSRequest.swift */ = {isa = PBXFileReference; lastKnownFileType = sourcecode.swift; path = SendSMSRequest.swift; sourceTree = "<group>"; };
		8596855C272ACABE00C4BEC2 /* ThreeDSecureRequest.swift */ = {isa = PBXFileReference; lastKnownFileType = sourcecode.swift; path = ThreeDSecureRequest.swift; sourceTree = "<group>"; };
		8596855E272ACB0E00C4BEC2 /* ThreeDSecureAuthenticateRequest.swift */ = {isa = PBXFileReference; lastKnownFileType = sourcecode.swift; path = ThreeDSecureAuthenticateRequest.swift; sourceTree = "<group>"; };
		85968560272ACB3A00C4BEC2 /* ThreeDSecureCompleteRequeset.swift */ = {isa = PBXFileReference; lastKnownFileType = sourcecode.swift; path = ThreeDSecureCompleteRequeset.swift; sourceTree = "<group>"; };
		85AE26AC26E651D60090404B /* ipworks3ds_ds_visa@3x.png */ = {isa = PBXFileReference; lastKnownFileType = image.png; path = "ipworks3ds_ds_visa@3x.png"; sourceTree = "<group>"; };
		85AE26AD26E651D60090404B /* ipworks3ds_ds_visa.png */ = {isa = PBXFileReference; lastKnownFileType = image.png; path = ipworks3ds_ds_visa.png; sourceTree = "<group>"; };
		85AE26AE26E651D60090404B /* ipworks3ds_ds_visa@2x.png */ = {isa = PBXFileReference; lastKnownFileType = image.png; path = "ipworks3ds_ds_visa@2x.png"; sourceTree = "<group>"; };
		85AE26B226E652070090404B /* ThreeDManager.swift */ = {isa = PBXFileReference; fileEncoding = 4; lastKnownFileType = sourcecode.swift; path = ThreeDManager.swift; sourceTree = "<group>"; };
		85B00AA127314DCA00189149 /* TestConfig.swift */ = {isa = PBXFileReference; lastKnownFileType = sourcecode.swift; path = TestConfig.swift; sourceTree = "<group>"; };
		85C77852269475E600AA3C23 /* bg */ = {isa = PBXFileReference; lastKnownFileType = text.plist.strings; name = bg; path = bg.lproj/Localizable.strings; sourceTree = "<group>"; };
		85C77853269475F000AA3C23 /* cs */ = {isa = PBXFileReference; lastKnownFileType = text.plist.strings; name = cs; path = cs.lproj/Localizable.strings; sourceTree = "<group>"; };
		85C77854269475FB00AA3C23 /* da */ = {isa = PBXFileReference; lastKnownFileType = text.plist.strings; name = da; path = da.lproj/Localizable.strings; sourceTree = "<group>"; };
		85C778552694760500AA3C23 /* de */ = {isa = PBXFileReference; lastKnownFileType = text.plist.strings; name = de; path = de.lproj/Localizable.strings; sourceTree = "<group>"; };
		85C778562694760A00AA3C23 /* es */ = {isa = PBXFileReference; lastKnownFileType = text.plist.strings; name = es; path = es.lproj/Localizable.strings; sourceTree = "<group>"; };
		85C778572694761B00AA3C23 /* et */ = {isa = PBXFileReference; lastKnownFileType = text.plist.strings; name = et; path = et.lproj/Localizable.strings; sourceTree = "<group>"; };
		85C778582694763100AA3C23 /* fi-FI */ = {isa = PBXFileReference; lastKnownFileType = text.plist.strings; name = "fi-FI"; path = "fi-FI.lproj/Localizable.strings"; sourceTree = "<group>"; };
		85C778592694763800AA3C23 /* fr */ = {isa = PBXFileReference; lastKnownFileType = text.plist.strings; name = fr; path = fr.lproj/Localizable.strings; sourceTree = "<group>"; };
		85C7785A2694763E00AA3C23 /* hu */ = {isa = PBXFileReference; lastKnownFileType = text.plist.strings; name = hu; path = hu.lproj/Localizable.strings; sourceTree = "<group>"; };
		85C7785B2694764300AA3C23 /* it */ = {isa = PBXFileReference; lastKnownFileType = text.plist.strings; name = it; path = it.lproj/Localizable.strings; sourceTree = "<group>"; };
		85C7785C2694765700AA3C23 /* lt */ = {isa = PBXFileReference; lastKnownFileType = text.plist.strings; name = lt; path = lt.lproj/Localizable.strings; sourceTree = "<group>"; };
		85C7785D2694766600AA3C23 /* lv */ = {isa = PBXFileReference; lastKnownFileType = text.plist.strings; name = lv; path = lv.lproj/Localizable.strings; sourceTree = "<group>"; };
		85C7785E2694766D00AA3C23 /* nl */ = {isa = PBXFileReference; lastKnownFileType = text.plist.strings; name = nl; path = nl.lproj/Localizable.strings; sourceTree = "<group>"; };
		85C7785F2694767800AA3C23 /* pt-PT */ = {isa = PBXFileReference; lastKnownFileType = text.plist.strings; name = "pt-PT"; path = "pt-PT.lproj/Localizable.strings"; sourceTree = "<group>"; };
		85C778602694768000AA3C23 /* ro */ = {isa = PBXFileReference; lastKnownFileType = text.plist.strings; name = ro; path = ro.lproj/Localizable.strings; sourceTree = "<group>"; };
		85C778612694768800AA3C23 /* ru */ = {isa = PBXFileReference; lastKnownFileType = text.plist.strings; name = ru; path = ru.lproj/Localizable.strings; sourceTree = "<group>"; };
		85C778622694769600AA3C23 /* sl */ = {isa = PBXFileReference; lastKnownFileType = text.plist.strings; name = sl; path = sl.lproj/Localizable.strings; sourceTree = "<group>"; };
		85C77863269476A300AA3C23 /* sk-SK */ = {isa = PBXFileReference; lastKnownFileType = text.plist.strings; name = "sk-SK"; path = "sk-SK.lproj/Localizable.strings"; sourceTree = "<group>"; };
		85DB312A271DA5FA00DA1E2C /* CheckoutManager.swift */ = {isa = PBXFileReference; lastKnownFileType = sourcecode.swift; path = CheckoutManager.swift; sourceTree = "<group>"; };
		85DB312C271DB66D00DA1E2C /* CheckoutRequestDetails.swift */ = {isa = PBXFileReference; lastKnownFileType = sourcecode.swift; path = CheckoutRequestDetails.swift; sourceTree = "<group>"; };
		85DEA506262467D100EBAFC0 /* UIColor+String.swift */ = {isa = PBXFileReference; lastKnownFileType = sourcecode.swift; path = "UIColor+String.swift"; sourceTree = "<group>"; };
		85DEA55A262726BE00EBAFC0 /* maestro@3x.png */ = {isa = PBXFileReference; lastKnownFileType = image.png; path = "maestro@3x.png"; sourceTree = "<group>"; };
		85DEA55B262726BE00EBAFC0 /* amex@3x.png */ = {isa = PBXFileReference; lastKnownFileType = image.png; path = "amex@3x.png"; sourceTree = "<group>"; };
		85DEA55C262726BE00EBAFC0 /* diners.png */ = {isa = PBXFileReference; lastKnownFileType = image.png; path = diners.png; sourceTree = "<group>"; };
		85DEA55D262726BE00EBAFC0 /* jcb@2x.png */ = {isa = PBXFileReference; lastKnownFileType = image.png; path = "jcb@2x.png"; sourceTree = "<group>"; };
		85DEA55E262726BE00EBAFC0 /* mastercard.png */ = {isa = PBXFileReference; lastKnownFileType = image.png; path = mastercard.png; sourceTree = "<group>"; };
		85DEA562262726BE00EBAFC0 /* mastercard@3x.png */ = {isa = PBXFileReference; lastKnownFileType = image.png; path = "mastercard@3x.png"; sourceTree = "<group>"; };
		85DEA563262726BE00EBAFC0 /* mastercard@2x.png */ = {isa = PBXFileReference; lastKnownFileType = image.png; path = "mastercard@2x.png"; sourceTree = "<group>"; };
		85DEA564262726BE00EBAFC0 /* diners@3x.png */ = {isa = PBXFileReference; lastKnownFileType = image.png; path = "diners@3x.png"; sourceTree = "<group>"; };
		85DEA565262726BE00EBAFC0 /* jcb@3x.png */ = {isa = PBXFileReference; lastKnownFileType = image.png; path = "jcb@3x.png"; sourceTree = "<group>"; };
		85DEA566262726BF00EBAFC0 /* discover@2x.png */ = {isa = PBXFileReference; lastKnownFileType = image.png; path = "discover@2x.png"; sourceTree = "<group>"; };
		85DEA567262726BF00EBAFC0 /* jcb.png */ = {isa = PBXFileReference; lastKnownFileType = image.png; path = jcb.png; sourceTree = "<group>"; };
		85DEA568262726BF00EBAFC0 /* discover.png */ = {isa = PBXFileReference; lastKnownFileType = image.png; path = discover.png; sourceTree = "<group>"; };
		85DEA569262726BF00EBAFC0 /* diners@2x.png */ = {isa = PBXFileReference; lastKnownFileType = image.png; path = "diners@2x.png"; sourceTree = "<group>"; };
		85DEA56A262726BF00EBAFC0 /* discover@3x.png */ = {isa = PBXFileReference; lastKnownFileType = image.png; path = "discover@3x.png"; sourceTree = "<group>"; };
		85DEA56B262726BF00EBAFC0 /* amex@2x.png */ = {isa = PBXFileReference; lastKnownFileType = image.png; path = "amex@2x.png"; sourceTree = "<group>"; };
		85DEA56C262726BF00EBAFC0 /* amex.png */ = {isa = PBXFileReference; lastKnownFileType = image.png; path = amex.png; sourceTree = "<group>"; };
		85DEA56D262726BF00EBAFC0 /* maestro.png */ = {isa = PBXFileReference; lastKnownFileType = image.png; path = maestro.png; sourceTree = "<group>"; };
		85DEA56E262726BF00EBAFC0 /* maestro@2x.png */ = {isa = PBXFileReference; lastKnownFileType = image.png; path = "maestro@2x.png"; sourceTree = "<group>"; };
		85DEA59126272EB300EBAFC0 /* CreditCardTests.swift */ = {isa = PBXFileReference; lastKnownFileType = sourcecode.swift; path = CreditCardTests.swift; sourceTree = "<group>"; };
		85DEA59326272EB300EBAFC0 /* Info.plist */ = {isa = PBXFileReference; lastKnownFileType = text.plist.xml; path = Info.plist; sourceTree = "<group>"; };
		85DEA5E52628835200EBAFC0 /* UnitTests.xctest */ = {isa = PBXFileReference; explicitFileType = wrapper.cfbundle; includeInIndex = 0; path = UnitTests.xctest; sourceTree = BUILT_PRODUCTS_DIR; };
		85EFF6F026550F3300A0C104 /* locker_dark@2x.png */ = {isa = PBXFileReference; lastKnownFileType = image.png; path = "locker_dark@2x.png"; sourceTree = "<group>"; };
		85EFF6F126550F3300A0C104 /* locker_dark@3x.png */ = {isa = PBXFileReference; lastKnownFileType = image.png; path = "locker_dark@3x.png"; sourceTree = "<group>"; };
		85EFF6F226550F3300A0C104 /* locker_dark.png */ = {isa = PBXFileReference; lastKnownFileType = image.png; path = locker_dark.png; sourceTree = "<group>"; };
		85EFF7012655187D00A0C104 /* SpinnerSection.swift */ = {isa = PBXFileReference; lastKnownFileType = sourcecode.swift; path = SpinnerSection.swift; sourceTree = "<group>"; };
		85F22B5A25A4C32F00E4FEE3 /* SecurionPayButton.swift */ = {isa = PBXFileReference; lastKnownFileType = sourcecode.swift; path = SecurionPayButton.swift; sourceTree = "<group>"; };
		85F22B6825A4F0EF00E4FEE3 /* CreditCard.swift */ = {isa = PBXFileReference; lastKnownFileType = sourcecode.swift; path = CreditCard.swift; sourceTree = "<group>"; };
		85F22B7B25A4F25700E4FEE3 /* UIImage+Bundle.swift */ = {isa = PBXFileReference; lastKnownFileType = sourcecode.swift; path = "UIImage+Bundle.swift"; sourceTree = "<group>"; };
		85F5B53125A8AAD500361899 /* SecurionPayStyle.swift */ = {isa = PBXFileReference; lastKnownFileType = sourcecode.swift; path = SecurionPayStyle.swift; sourceTree = "<group>"; };
		85F868F926EF7D5200944AE9 /* DirectoryServerCertificate.swift */ = {isa = PBXFileReference; fileEncoding = 4; lastKnownFileType = sourcecode.swift; path = DirectoryServerCertificate.swift; sourceTree = "<group>"; };
		85F868FA26EF7D5200944AE9 /* ThreeDSecureInitResult.swift */ = {isa = PBXFileReference; fileEncoding = 4; lastKnownFileType = sourcecode.swift; path = ThreeDSecureInitResult.swift; sourceTree = "<group>"; };
/* End PBXFileReference section */

/* Begin PBXFrameworksBuildPhase section */
		8543251825923B79004877D2 /* Frameworks */ = {
			isa = PBXFrameworksBuildPhase;
			buildActionMask = 2147483647;
			files = (
				857FCB2F272C936D0059946F /* ipworks3ds_sdk.xcframework in Frameworks */,
			);
			runOnlyForDeploymentPostprocessing = 0;
		};
		85DEA5E22628835200EBAFC0 /* Frameworks */ = {
			isa = PBXFrameworksBuildPhase;
			buildActionMask = 2147483647;
			files = (
				85DEA5EA2628835200EBAFC0 /* SecurionPay.framework in Frameworks */,
			);
			runOnlyForDeploymentPostprocessing = 0;
		};
/* End PBXFrameworksBuildPhase section */

/* Begin PBXGroup section */
		85033AEA263ADCA5005C0623 /* Strings */ = {
			isa = PBXGroup;
			children = (
				85033AF0263ADCBF005C0623 /* Localizable.strings */,
			);
			path = Strings;
			sourceTree = "<group>";
		};
		85033B0D263ADED8005C0623 /* Fonts */ = {
			isa = PBXGroup;
			children = (
				851C10E22636ECD1005001B3 /* Lato-Bold.ttf */,
				851C10E32636ECD1005001B3 /* Lato-Regular.ttf */,
				851C10E12636ECD1005001B3 /* Montserrat-Bold.ttf */,
			);
			path = Fonts;
			sourceTree = "<group>";
		};
		85033B0E263ADEDC005C0623 /* Images */ = {
			isa = PBXGroup;
			children = (
				85AE26AD26E651D60090404B /* ipworks3ds_ds_visa.png */,
				85AE26AE26E651D60090404B /* ipworks3ds_ds_visa@2x.png */,
				85AE26AC26E651D60090404B /* ipworks3ds_ds_visa@3x.png */,
				85EFF6F226550F3300A0C104 /* locker_dark.png */,
				85EFF6F026550F3300A0C104 /* locker_dark@2x.png */,
				85EFF6F126550F3300A0C104 /* locker_dark@3x.png */,
				85033A72263850D4005C0623 /* visa.png */,
				85033A73263850D4005C0623 /* visa@2x.png */,
				85033A74263850D4005C0623 /* visa@3x.png */,
				850339FA263733BB005C0623 /* checkmark.png */,
				850339F9263733BB005C0623 /* checkmark@2x.png */,
				850339F8263733BB005C0623 /* checkmark@3x.png */,
				851C10EE2636F521005001B3 /* add_card.png */,
				851C10EF2636F521005001B3 /* add_card@2x.png */,
				851C10F02636F521005001B3 /* add_card@3x.png */,
				85DEA56C262726BF00EBAFC0 /* amex.png */,
				85DEA56B262726BF00EBAFC0 /* amex@2x.png */,
				85DEA55B262726BE00EBAFC0 /* amex@3x.png */,
				85DEA55C262726BE00EBAFC0 /* diners.png */,
				85033A0A263814CD005C0623 /* close.png */,
				85033A0B263814CD005C0623 /* close@2x.png */,
				85033A0C263814CD005C0623 /* close@3x.png */,
				85DEA569262726BF00EBAFC0 /* diners@2x.png */,
				85DEA564262726BE00EBAFC0 /* diners@3x.png */,
				85033AB726398068005C0623 /* locker.png */,
				85033AB826398068005C0623 /* locker@2x.png */,
				85033AB626398068005C0623 /* locker@3x.png */,
				85DEA568262726BF00EBAFC0 /* discover.png */,
				85DEA566262726BF00EBAFC0 /* discover@2x.png */,
				85DEA56A262726BF00EBAFC0 /* discover@3x.png */,
				85DEA567262726BF00EBAFC0 /* jcb.png */,
				85DEA55D262726BE00EBAFC0 /* jcb@2x.png */,
				85033A4926384E4A005C0623 /* cvc.png */,
				85033A4D26384E4A005C0623 /* cvc@2x.png */,
				85033A4826384E4A005C0623 /* cvc@3x.png */,
				85033A4A26384E4A005C0623 /* unknown.png */,
				85033A4B26384E4A005C0623 /* unknown@2x.png */,
				85033A4C26384E4A005C0623 /* unknown@3x.png */,
				85DEA565262726BE00EBAFC0 /* jcb@3x.png */,
				85DEA56D262726BF00EBAFC0 /* maestro.png */,
				85DEA56E262726BF00EBAFC0 /* maestro@2x.png */,
				85DEA55A262726BE00EBAFC0 /* maestro@3x.png */,
				85DEA55E262726BE00EBAFC0 /* mastercard.png */,
				85DEA563262726BE00EBAFC0 /* mastercard@2x.png */,
				85DEA562262726BE00EBAFC0 /* mastercard@3x.png */,
			);
			path = Images;
			sourceTree = "<group>";
		};
		8543251125923B79004877D2 = {
			isa = PBXGroup;
			children = (
				8543251D25923B79004877D2 /* SecurionPay */,
				85DEA59026272EB300EBAFC0 /* UnitTests */,
				8543251C25923B79004877D2 /* Products */,
			);
			sourceTree = "<group>";
		};
		8543251C25923B79004877D2 /* Products */ = {
			isa = PBXGroup;
			children = (
				8543251B25923B79004877D2 /* SecurionPay.framework */,
				85DEA5E52628835200EBAFC0 /* UnitTests.xctest */,
			);
			name = Products;
			sourceTree = "<group>";
		};
		8543251D25923B79004877D2 /* SecurionPay */ = {
			isa = PBXGroup;
			children = (
				85F22C0D25A4FD9300E4FEE3 /* Library */,
				85F22C0C25A4FD8300E4FEE3 /* Frameworks */,
			);
			path = SecurionPay;
			sourceTree = "<group>";
		};
		8564C9D52629E1D70022C3D2 /* Model */ = {
			isa = PBXGroup;
			children = (
				85F868F926EF7D5200944AE9 /* DirectoryServerCertificate.swift */,
				85F868FA26EF7D5200944AE9 /* ThreeDSecureInitResult.swift */,
				8571C65626BACDD50089AD07 /* ThreeDSecureAuthentication.swift */,
				850C107D26305B6C003FDCCB /* Card.swift */,
				85F22B6825A4F0EF00E4FEE3 /* CreditCard.swift */,
				8564C9D62629E1E20022C3D2 /* Token.swift */,
				8564C9DE2629E1F40022C3D2 /* TokenRequest.swift */,
				8564C9E32629E2180022C3D2 /* CheckoutRequest.swift */,
				8564C9E82629E2350022C3D2 /* PaymentRequest.swift */,
				8564C9ED2629E24B0022C3D2 /* PaymentResult.swift */,
				8564C9F22629E2640022C3D2 /* SecurionPayError.swift */,
				85033B44263C3DCB005C0623 /* LookupResult.swift */,
				85809F78264173E100EC7D21 /* Phone.swift */,
				85809F852641751700EC7D21 /* SMS.swift */,
				8571C65026BA99BD0089AD07 /* ThreeDSecureInfo.swift */,
				85DB312C271DB66D00DA1E2C /* CheckoutRequestDetails.swift */,
				85968550272AC62000C4BEC2 /* VerifySMSRequest.swift */,
				85968552272AC65200C4BEC2 /* VerifySMSResponse.swift */,
				85968554272AC9F400C4BEC2 /* CheckoutRequestDetailsRequest.swift */,
				85968556272ACA0900C4BEC2 /* LookupRequest.swift */,
				85968558272ACA5500C4BEC2 /* SavedTokenRequest.swift */,
				8596855A272ACA7A00C4BEC2 /* SendSMSRequest.swift */,
				8596855C272ACABE00C4BEC2 /* ThreeDSecureRequest.swift */,
				8596855E272ACB0E00C4BEC2 /* ThreeDSecureAuthenticateRequest.swift */,
				85968560272ACB3A00C4BEC2 /* ThreeDSecureCompleteRequeset.swift */,
			);
			path = Model;
			sourceTree = "<group>";
		};
		8564CA032629E4A80022C3D2 /* CheckoutViewController */ = {
			isa = PBXGroup;
			children = (
				856D29C3262081E500CCE92B /* CheckoutViewController.swift */,
			);
			path = CheckoutViewController;
			sourceTree = "<group>";
		};
		8564CA042629E4B60022C3D2 /* Networking */ = {
			isa = PBXGroup;
			children = (
				8564CA052629E5A80022C3D2 /* APIProvider.swift */,
			);
			path = Networking;
			sourceTree = "<group>";
		};
		856D29CC26243C5400CCE92B /* Extensions */ = {
			isa = PBXGroup;
			children = (
				85F22B7B25A4F25700E4FEE3 /* UIImage+Bundle.swift */,
				856D29E126243F2500CCE92B /* String+Extensions.swift */,
				85DEA506262467D100EBAFC0 /* UIColor+String.swift */,
				8564C9F72629E28B0022C3D2 /* UIFont+register.swift */,
			);
			path = Extensions;
			sourceTree = "<group>";
		};
		858A93212629BD9C003586DF /* Helpers */ = {
			isa = PBXGroup;
			children = (
				858A93222629BDBA003586DF /* SecurionPayAPI.swift */,
				858A93402629C31E003586DF /* CheckoutRequestGenerator.swift */,
				853146D42629D3290031E5A9 /* TestCardNumbers.swift */,
				853146E42629D9870031E5A9 /* CreditCardNumberGenerator.swift */,
			);
			path = Helpers;
			sourceTree = "<group>";
		};
		85DB3129271DA5EB00DA1E2C /* Checkout */ = {
			isa = PBXGroup;
			children = (
				85DB312A271DA5FA00DA1E2C /* CheckoutManager.swift */,
			);
			path = Checkout;
			sourceTree = "<group>";
		};
		85DEA516262479BD00EBAFC0 /* Views */ = {
			isa = PBXGroup;
			children = (
				85033AF6263ADE1A005C0623 /* SecurionPaySwitch.swift */,
				85F22B5A25A4C32F00E4FEE3 /* SecurionPayButton.swift */,
				850C10592630507D003FDCCB /* CardCollectionViewCell.swift */,
				850C106B263059C8003FDCCB /* CardCarousel.swift */,
				85033A1B26382656005C0623 /* SecurionPayTextField.swift */,
				85809FA02653DFC800EC7D21 /* SMSCodeTextField.swift */,
				85EFF7012655187D00A0C104 /* SpinnerSection.swift */,
			);
			path = Views;
			sourceTree = "<group>";
		};
		85DEA59026272EB300EBAFC0 /* UnitTests */ = {
			isa = PBXGroup;
			children = (
				850C105226304481003FDCCB /* UnitTests-Bridging-Header.h */,
				850C105326304481003FDCCB /* ObjCIntegrationSmokeTests.m */,
				85DEA59326272EB300EBAFC0 /* Info.plist */,
				8564CA142629E9840022C3D2 /* CheckoutRequestTests.swift */,
				858A93152629BAC8003586DF /* CreatingTokensTests.swift */,
				85DEA59126272EB300EBAFC0 /* CreditCardTests.swift */,
				8564CAA2262ED2C00022C3D2 /* ExpirationDateFormatterTests.swift */,
				853146DC2629D5C90031E5A9 /* PaymentTests.swift */,
				858A93342629C275003586DF /* PaymentTestsPreventingRateLimits.swift */,
				858A93212629BD9C003586DF /* Helpers */,
				8596854327297FA100C4BEC2 /* ValidationErrorsTests.swift */,
				8596854527297FAE00C4BEC2 /* ProcessingErrorsTests.swift */,
				85B00AA127314DCA00189149 /* TestConfig.swift */,
			);
			path = UnitTests;
			sourceTree = "<group>";
		};
		85F22B8825A4F3D900E4FEE3 /* 3dsecure */ = {
			isa = PBXGroup;
			children = (
				85AE26B226E652070090404B /* ThreeDManager.swift */,
				8596854E2729EF1400C4BEC2 /* ThreeDAuthenticator.swift */,
				85116E26272D9CF000AFF61F /* DebugEventListener.swift */,
				85116E28272D9D3800AFF61F /* DebugSecurityEventListener.swift */,
				85116E2A272D9D9A00AFF61F /* ThreeDUICustomizationFactory.swift */,
			);
			path = 3dsecure;
			sourceTree = "<group>";
		};
		85F22C0C25A4FD8300E4FEE3 /* Frameworks */ = {
			isa = PBXGroup;
			children = (
				857FCB2E272C936D0059946F /* ipworks3ds_sdk.xcframework */,
			);
			path = Frameworks;
			sourceTree = "<group>";
		};
		85F22C0D25A4FD9300E4FEE3 /* Library */ = {
			isa = PBXGroup;
			children = (
				85DB3129271DA5EB00DA1E2C /* Checkout */,
				8564CA042629E4B60022C3D2 /* Networking */,
				8564CA032629E4A80022C3D2 /* CheckoutViewController */,
				8564C9D52629E1D70022C3D2 /* Model */,
				85DEA516262479BD00EBAFC0 /* Views */,
				856D29CC26243C5400CCE92B /* Extensions */,
				85F5B55D25A8C12D00361899 /* Helpers */,
				85F5B53A25A8BABD00361899 /* Resources */,
				85F22B8825A4F3D900E4FEE3 /* 3dsecure */,
				8543251E25923B79004877D2 /* securionpay_ios.h */,
				85080CDD25A34AA80017A37C /* SecurionPay.swift */,
				85F5B53125A8AAD500361899 /* SecurionPayStyle.swift */,
				859685492729DEB200C4BEC2 /* APIConfig.swift */,
			);
			path = Library;
			sourceTree = "<group>";
		};
		85F5B53A25A8BABD00361899 /* Resources */ = {
			isa = PBXGroup;
			children = (
				85033B0E263ADEDC005C0623 /* Images */,
				85033B0D263ADED8005C0623 /* Fonts */,
				85033AEA263ADCA5005C0623 /* Strings */,
				8543251F25923B79004877D2 /* Info.plist */,
			);
			path = Resources;
			sourceTree = "<group>";
		};
		85F5B55D25A8C12D00361899 /* Helpers */ = {
			isa = PBXGroup;
			children = (
				856D29CD26243C7600CCE92B /* CurrencyFormatter.swift */,
				856D29D826243CB800CCE92B /* Currency.swift */,
				856D29EA2624664700CCE92B /* Style.swift */,
				8564CA1C262D81D00022C3D2 /* AccessibilityIdentifiers.swift */,
				8564CA94262DC4520022C3D2 /* ExpirationDateFormatter.swift */,
				8564CAAE262EEF450022C3D2 /* FontsLoader.swift */,
				85033B23263C1237005C0623 /* UserAgentProvider.swift */,
				85033B37263C278C005C0623 /* Keychain.swift */,
			);
			path = Helpers;
			sourceTree = "<group>";
		};
/* End PBXGroup section */

/* Begin PBXHeadersBuildPhase section */
		8543251625923B79004877D2 /* Headers */ = {
			isa = PBXHeadersBuildPhase;
			buildActionMask = 2147483647;
			files = (
				8543252025923B79004877D2 /* securionpay_ios.h in Headers */,
			);
			runOnlyForDeploymentPostprocessing = 0;
		};
/* End PBXHeadersBuildPhase section */

/* Begin PBXNativeTarget section */
		8543251A25923B79004877D2 /* SecurionPay */ = {
			isa = PBXNativeTarget;
			buildConfigurationList = 8543252325923B79004877D2 /* Build configuration list for PBXNativeTarget "SecurionPay" */;
			buildPhases = (
				8543251625923B79004877D2 /* Headers */,
				8543251725923B79004877D2 /* Sources */,
				8543251825923B79004877D2 /* Frameworks */,
				8543251925923B79004877D2 /* Resources */,
				85572E112629AC9C00259E8F /* Embed Frameworks */,
			);
			buildRules = (
			);
			dependencies = (
			);
			name = SecurionPay;
			productName = "securionpay-ios";
			productReference = 8543251B25923B79004877D2 /* SecurionPay.framework */;
			productType = "com.apple.product-type.framework";
		};
		85DEA5E42628835200EBAFC0 /* UnitTests */ = {
			isa = PBXNativeTarget;
			buildConfigurationList = 85DEA5ED2628835200EBAFC0 /* Build configuration list for PBXNativeTarget "UnitTests" */;
			buildPhases = (
				85DEA5E12628835200EBAFC0 /* Sources */,
				85DEA5E22628835200EBAFC0 /* Frameworks */,
				85DEA5E32628835200EBAFC0 /* Resources */,
			);
			buildRules = (
			);
			dependencies = (
				85DEA5EC2628835200EBAFC0 /* PBXTargetDependency */,
			);
			name = UnitTests;
			productName = Tests;
			productReference = 85DEA5E52628835200EBAFC0 /* UnitTests.xctest */;
			productType = "com.apple.product-type.bundle.unit-test";
		};
/* End PBXNativeTarget section */

/* Begin PBXProject section */
		8543251225923B79004877D2 /* Project object */ = {
			isa = PBXProject;
			attributes = {
				LastSwiftUpdateCheck = 1240;
				LastUpgradeCheck = 1230;
				TargetAttributes = {
					8543251A25923B79004877D2 = {
						CreatedOnToolsVersion = 12.3;
						LastSwiftMigration = 1240;
					};
					85DEA5E42628835200EBAFC0 = {
						CreatedOnToolsVersion = 12.4;
						LastSwiftMigration = 1240;
					};
				};
			};
			buildConfigurationList = 8543251525923B79004877D2 /* Build configuration list for PBXProject "securionpay-ios" */;
			compatibilityVersion = "Xcode 9.3";
			developmentRegion = en;
			hasScannedForEncodings = 0;
			knownRegions = (
				en,
				"pl-PL",
				bg,
				cs,
				da,
				de,
				es,
				et,
				"fi-FI",
				fr,
				hu,
				it,
				lt,
				lv,
				nl,
				"pt-PT",
				ro,
				ru,
				sl,
				"sk-SK",
				Base,
			);
			mainGroup = 8543251125923B79004877D2;
			productRefGroup = 8543251C25923B79004877D2 /* Products */;
			projectDirPath = "";
			projectRoot = "";
			targets = (
				8543251A25923B79004877D2 /* SecurionPay */,
				85DEA5E42628835200EBAFC0 /* UnitTests */,
			);
		};
/* End PBXProject section */

/* Begin PBXResourcesBuildPhase section */
		8543251925923B79004877D2 /* Resources */ = {
			isa = PBXResourcesBuildPhase;
			buildActionMask = 2147483647;
			files = (
				85033A0F263814CD005C0623 /* close@3x.png in Resources */,
				85DEA57D262726BF00EBAFC0 /* discover.png in Resources */,
				85DEA579262726BF00EBAFC0 /* diners@3x.png in Resources */,
				85033A5126384E4A005C0623 /* unknown@2x.png in Resources */,
				85033A4F26384E4A005C0623 /* cvc.png in Resources */,
				85DEA581262726BF00EBAFC0 /* amex.png in Resources */,
				85033A4E26384E4A005C0623 /* cvc@3x.png in Resources */,
				85809F922642AF0E00EC7D21 /* Lato-Bold.ttf in Resources */,
				85AE26AF26E651D60090404B /* ipworks3ds_ds_visa@3x.png in Resources */,
				851C10F12636F521005001B3 /* add_card.png in Resources */,
				85DEA582262726BF00EBAFC0 /* maestro.png in Resources */,
				85033A0E263814CD005C0623 /* close@2x.png in Resources */,
				85DEA571262726BF00EBAFC0 /* diners.png in Resources */,
				85033A5026384E4A005C0623 /* unknown.png in Resources */,
				85033A5326384E4A005C0623 /* cvc@2x.png in Resources */,
				85033AB926398068005C0623 /* locker@3x.png in Resources */,
				851C10F32636F521005001B3 /* add_card@3x.png in Resources */,
				85DEA57B262726BF00EBAFC0 /* discover@2x.png in Resources */,
				85DEA57C262726BF00EBAFC0 /* jcb.png in Resources */,
				85DEA577262726BF00EBAFC0 /* mastercard@3x.png in Resources */,
				85033ABB26398068005C0623 /* locker@2x.png in Resources */,
				85809F962642AF1300EC7D21 /* Montserrat-Bold.ttf in Resources */,
				85EFF6F326550F3300A0C104 /* locker_dark@2x.png in Resources */,
				85033A5226384E4A005C0623 /* unknown@3x.png in Resources */,
				850339FD263733BB005C0623 /* checkmark.png in Resources */,
				85809F942642AF1100EC7D21 /* Lato-Regular.ttf in Resources */,
				850339FB263733BB005C0623 /* checkmark@3x.png in Resources */,
				85DEA578262726BF00EBAFC0 /* mastercard@2x.png in Resources */,
				85DEA573262726BF00EBAFC0 /* mastercard.png in Resources */,
				85033A76263850D4005C0623 /* visa@2x.png in Resources */,
				85033ABA26398068005C0623 /* locker.png in Resources */,
				85033A77263850D4005C0623 /* visa@3x.png in Resources */,
				85DEA580262726BF00EBAFC0 /* amex@2x.png in Resources */,
				85DEA57F262726BF00EBAFC0 /* discover@3x.png in Resources */,
				85AE26B126E651D60090404B /* ipworks3ds_ds_visa@2x.png in Resources */,
				85EFF6F526550F3300A0C104 /* locker_dark.png in Resources */,
				85033A0D263814CD005C0623 /* close.png in Resources */,
				85DEA57E262726BF00EBAFC0 /* diners@2x.png in Resources */,
				85033AEE263ADCBF005C0623 /* Localizable.strings in Resources */,
				85DEA56F262726BF00EBAFC0 /* maestro@3x.png in Resources */,
				851C10F22636F521005001B3 /* add_card@2x.png in Resources */,
				850339FC263733BB005C0623 /* checkmark@2x.png in Resources */,
				85DEA57A262726BF00EBAFC0 /* jcb@3x.png in Resources */,
				85AE26B026E651D60090404B /* ipworks3ds_ds_visa.png in Resources */,
				85033A75263850D4005C0623 /* visa.png in Resources */,
				85DEA570262726BF00EBAFC0 /* amex@3x.png in Resources */,
				85EFF6F426550F3300A0C104 /* locker_dark@3x.png in Resources */,
				85DEA572262726BF00EBAFC0 /* jcb@2x.png in Resources */,
				85DEA583262726BF00EBAFC0 /* maestro@2x.png in Resources */,
			);
			runOnlyForDeploymentPostprocessing = 0;
		};
		85DEA5E32628835200EBAFC0 /* Resources */ = {
			isa = PBXResourcesBuildPhase;
			buildActionMask = 2147483647;
			files = (
			);
			runOnlyForDeploymentPostprocessing = 0;
		};
/* End PBXResourcesBuildPhase section */

/* Begin PBXSourcesBuildPhase section */
		8543251725923B79004877D2 /* Sources */ = {
			isa = PBXSourcesBuildPhase;
			buildActionMask = 2147483647;
			files = (
				8596854F2729EF1400C4BEC2 /* ThreeDAuthenticator.swift in Sources */,
				856D29CE26243C7600CCE92B /* CurrencyFormatter.swift in Sources */,
				85968551272AC62000C4BEC2 /* VerifySMSRequest.swift in Sources */,
				8564C9EE2629E24B0022C3D2 /* PaymentResult.swift in Sources */,
				85809F862641751700EC7D21 /* SMS.swift in Sources */,
				8571C65726BACDD50089AD07 /* ThreeDSecureAuthentication.swift in Sources */,
				85809F79264173E100EC7D21 /* Phone.swift in Sources */,
				85F22B5B25A4C32F00E4FEE3 /* SecurionPayButton.swift in Sources */,
				85968557272ACA0900C4BEC2 /* LookupRequest.swift in Sources */,
				856D29EB2624664700CCE92B /* Style.swift in Sources */,
				8564C9F32629E2640022C3D2 /* SecurionPayError.swift in Sources */,
				8564C9E92629E2350022C3D2 /* PaymentRequest.swift in Sources */,
				850C107E26305B6C003FDCCB /* Card.swift in Sources */,
				85968555272AC9F400C4BEC2 /* CheckoutRequestDetailsRequest.swift in Sources */,
				85033B45263C3DCB005C0623 /* LookupResult.swift in Sources */,
				85968559272ACA5500C4BEC2 /* SavedTokenRequest.swift in Sources */,
				8564CAAF262EEF450022C3D2 /* FontsLoader.swift in Sources */,
				85F868FC26EF7D5200944AE9 /* ThreeDSecureInitResult.swift in Sources */,
				85AE26B326E652070090404B /* ThreeDManager.swift in Sources */,
				85F22B6925A4F0EF00E4FEE3 /* CreditCard.swift in Sources */,
				8564CA95262DC4520022C3D2 /* ExpirationDateFormatter.swift in Sources */,
				850C106C263059C8003FDCCB /* CardCarousel.swift in Sources */,
				85DB312B271DA5FA00DA1E2C /* CheckoutManager.swift in Sources */,
				85080CDE25A34AA80017A37C /* SecurionPay.swift in Sources */,
				8596855D272ACABE00C4BEC2 /* ThreeDSecureRequest.swift in Sources */,
				85EFF7022655187D00A0C104 /* SpinnerSection.swift in Sources */,
				8596854A2729DEB200C4BEC2 /* APIConfig.swift in Sources */,
				85116E2B272D9D9A00AFF61F /* ThreeDUICustomizationFactory.swift in Sources */,
				8564C9F82629E28B0022C3D2 /* UIFont+register.swift in Sources */,
				85033A1C26382656005C0623 /* SecurionPayTextField.swift in Sources */,
				85033B38263C278C005C0623 /* Keychain.swift in Sources */,
				8571C65126BA99BD0089AD07 /* ThreeDSecureInfo.swift in Sources */,
				8564CA062629E5A80022C3D2 /* APIProvider.swift in Sources */,
				856D29C4262081E500CCE92B /* CheckoutViewController.swift in Sources */,
				85F868FB26EF7D5200944AE9 /* DirectoryServerCertificate.swift in Sources */,
				85968553272AC65200C4BEC2 /* VerifySMSResponse.swift in Sources */,
				8564CA1D262D81D00022C3D2 /* AccessibilityIdentifiers.swift in Sources */,
				85033B24263C1237005C0623 /* UserAgentProvider.swift in Sources */,
				85DB312D271DB66D00DA1E2C /* CheckoutRequestDetails.swift in Sources */,
				856D29E226243F2500CCE92B /* String+Extensions.swift in Sources */,
				850C105A2630507D003FDCCB /* CardCollectionViewCell.swift in Sources */,
				85033AF7263ADE1A005C0623 /* SecurionPaySwitch.swift in Sources */,
				856D29D926243CB800CCE92B /* Currency.swift in Sources */,
				85DEA507262467D100EBAFC0 /* UIColor+String.swift in Sources */,
				85F22B7C25A4F25700E4FEE3 /* UIImage+Bundle.swift in Sources */,
				85116E27272D9CF000AFF61F /* DebugEventListener.swift in Sources */,
				8596855B272ACA7A00C4BEC2 /* SendSMSRequest.swift in Sources */,
				8564C9E42629E2180022C3D2 /* CheckoutRequest.swift in Sources */,
				8564C9D72629E1E20022C3D2 /* Token.swift in Sources */,
				85968561272ACB3A00C4BEC2 /* ThreeDSecureCompleteRequeset.swift in Sources */,
				85809FA12653DFC900EC7D21 /* SMSCodeTextField.swift in Sources */,
				8596855F272ACB0E00C4BEC2 /* ThreeDSecureAuthenticateRequest.swift in Sources */,
				85F5B53225A8AAD500361899 /* SecurionPayStyle.swift in Sources */,
				85116E29272D9D3800AFF61F /* DebugSecurityEventListener.swift in Sources */,
				8564C9DF2629E1F40022C3D2 /* TokenRequest.swift in Sources */,
			);
			runOnlyForDeploymentPostprocessing = 0;
		};
		85DEA5E12628835200EBAFC0 /* Sources */ = {
			isa = PBXSourcesBuildPhase;
			buildActionMask = 2147483647;
			files = (
				858A932D2629BDC5003586DF /* SecurionPayAPI.swift in Sources */,
				858A931D2629BAD5003586DF /* CreatingTokensTests.swift in Sources */,
				85B00AA227314DCA00189149 /* TestConfig.swift in Sources */,
				8596854627297FAE00C4BEC2 /* ProcessingErrorsTests.swift in Sources */,
				853146D52629D3290031E5A9 /* TestCardNumbers.swift in Sources */,
				858A934B2629C41E003586DF /* CheckoutRequestGenerator.swift in Sources */,
				858A933C2629C286003586DF /* PaymentTestsPreventingRateLimits.swift in Sources */,
				8596854D2729E25C00C4BEC2 /* APIConfig.swift in Sources */,
				8596854427297FA200C4BEC2 /* ValidationErrorsTests.swift in Sources */,
				8564CAAA262ED3650022C3D2 /* ExpirationDateFormatterTests.swift in Sources */,
				858A93082629B367003586DF /* CreditCardTests.swift in Sources */,
				853146DD2629D5C90031E5A9 /* PaymentTests.swift in Sources */,
				850C105426304481003FDCCB /* ObjCIntegrationSmokeTests.m in Sources */,
				853146E52629D9870031E5A9 /* CreditCardNumberGenerator.swift in Sources */,
				8564CA152629E9840022C3D2 /* CheckoutRequestTests.swift in Sources */,
			);
			runOnlyForDeploymentPostprocessing = 0;
		};
/* End PBXSourcesBuildPhase section */

/* Begin PBXTargetDependency section */
		85DEA5EC2628835200EBAFC0 /* PBXTargetDependency */ = {
			isa = PBXTargetDependency;
			target = 8543251A25923B79004877D2 /* SecurionPay */;
			targetProxy = 85DEA5EB2628835200EBAFC0 /* PBXContainerItemProxy */;
		};
/* End PBXTargetDependency section */

/* Begin PBXVariantGroup section */
		85033AF0263ADCBF005C0623 /* Localizable.strings */ = {
			isa = PBXVariantGroup;
			children = (
				85033AEF263ADCBF005C0623 /* en */,
				85033AF3263ADD3C005C0623 /* pl-PL */,
				85C77852269475E600AA3C23 /* bg */,
				85C77853269475F000AA3C23 /* cs */,
				85C77854269475FB00AA3C23 /* da */,
				85C778552694760500AA3C23 /* de */,
				85C778562694760A00AA3C23 /* es */,
				85C778572694761B00AA3C23 /* et */,
				85C778582694763100AA3C23 /* fi-FI */,
				85C778592694763800AA3C23 /* fr */,
				85C7785A2694763E00AA3C23 /* hu */,
				85C7785B2694764300AA3C23 /* it */,
				85C7785C2694765700AA3C23 /* lt */,
				85C7785D2694766600AA3C23 /* lv */,
				85C7785E2694766D00AA3C23 /* nl */,
				85C7785F2694767800AA3C23 /* pt-PT */,
				85C778602694768000AA3C23 /* ro */,
				85C778612694768800AA3C23 /* ru */,
				85C778622694769600AA3C23 /* sl */,
				85C77863269476A300AA3C23 /* sk-SK */,
			);
			name = Localizable.strings;
			sourceTree = "<group>";
		};
/* End PBXVariantGroup section */

/* Begin XCBuildConfiguration section */
		8543252125923B79004877D2 /* Debug */ = {
			isa = XCBuildConfiguration;
			buildSettings = {
				ALWAYS_SEARCH_USER_PATHS = NO;
				CLANG_ANALYZER_LOCALIZABILITY_NONLOCALIZED = YES;
				CLANG_ANALYZER_NONNULL = YES;
				CLANG_ANALYZER_NUMBER_OBJECT_CONVERSION = YES_AGGRESSIVE;
				CLANG_CXX_LANGUAGE_STANDARD = "gnu++14";
				CLANG_CXX_LIBRARY = "libc++";
				CLANG_ENABLE_MODULES = YES;
				CLANG_ENABLE_OBJC_ARC = YES;
				CLANG_ENABLE_OBJC_WEAK = YES;
				CLANG_WARN_BLOCK_CAPTURE_AUTORELEASING = YES;
				CLANG_WARN_BOOL_CONVERSION = YES;
				CLANG_WARN_COMMA = YES;
				CLANG_WARN_CONSTANT_CONVERSION = YES;
				CLANG_WARN_DEPRECATED_OBJC_IMPLEMENTATIONS = YES;
				CLANG_WARN_DIRECT_OBJC_ISA_USAGE = YES_ERROR;
				CLANG_WARN_DOCUMENTATION_COMMENTS = YES;
				CLANG_WARN_EMPTY_BODY = YES;
				CLANG_WARN_ENUM_CONVERSION = YES;
				CLANG_WARN_INFINITE_RECURSION = YES;
				CLANG_WARN_INT_CONVERSION = YES;
				CLANG_WARN_NON_LITERAL_NULL_CONVERSION = YES;
				CLANG_WARN_OBJC_IMPLICIT_RETAIN_SELF = YES;
				CLANG_WARN_OBJC_LITERAL_CONVERSION = YES;
				CLANG_WARN_OBJC_ROOT_CLASS = YES_ERROR;
				CLANG_WARN_QUOTED_INCLUDE_IN_FRAMEWORK_HEADER = YES;
				CLANG_WARN_RANGE_LOOP_ANALYSIS = YES;
				CLANG_WARN_STRICT_PROTOTYPES = YES;
				CLANG_WARN_SUSPICIOUS_MOVE = YES;
				CLANG_WARN_UNGUARDED_AVAILABILITY = YES_AGGRESSIVE;
				CLANG_WARN_UNREACHABLE_CODE = YES;
				CLANG_WARN__DUPLICATE_METHOD_MATCH = YES;
				COPY_PHASE_STRIP = NO;
				CURRENT_PROJECT_VERSION = 1;
				DEBUG_INFORMATION_FORMAT = dwarf;
				ENABLE_STRICT_OBJC_MSGSEND = YES;
				ENABLE_TESTABILITY = YES;
				GCC_C_LANGUAGE_STANDARD = gnu11;
				GCC_DYNAMIC_NO_PIC = NO;
				GCC_NO_COMMON_BLOCKS = YES;
				GCC_OPTIMIZATION_LEVEL = 0;
				GCC_PREPROCESSOR_DEFINITIONS = (
					"DEBUG=1",
					"$(inherited)",
				);
				GCC_WARN_64_TO_32_BIT_CONVERSION = YES;
				GCC_WARN_ABOUT_RETURN_TYPE = YES_ERROR;
				GCC_WARN_UNDECLARED_SELECTOR = YES;
				GCC_WARN_UNINITIALIZED_AUTOS = YES_AGGRESSIVE;
				GCC_WARN_UNUSED_FUNCTION = YES;
				GCC_WARN_UNUSED_VARIABLE = YES;
				IPHONEOS_DEPLOYMENT_TARGET = 12.1;
				MTL_ENABLE_DEBUG_INFO = INCLUDE_SOURCE;
				MTL_FAST_MATH = YES;
				ONLY_ACTIVE_ARCH = YES;
				SDKROOT = iphoneos;
				SWIFT_ACTIVE_COMPILATION_CONDITIONS = DEBUG;
				SWIFT_OPTIMIZATION_LEVEL = "-Onone";
				VERSIONING_SYSTEM = "apple-generic";
				VERSION_INFO_PREFIX = "";
			};
			name = Debug;
		};
		8543252225923B79004877D2 /* Release */ = {
			isa = XCBuildConfiguration;
			buildSettings = {
				ALWAYS_SEARCH_USER_PATHS = NO;
				CLANG_ANALYZER_LOCALIZABILITY_NONLOCALIZED = YES;
				CLANG_ANALYZER_NONNULL = YES;
				CLANG_ANALYZER_NUMBER_OBJECT_CONVERSION = YES_AGGRESSIVE;
				CLANG_CXX_LANGUAGE_STANDARD = "gnu++14";
				CLANG_CXX_LIBRARY = "libc++";
				CLANG_ENABLE_MODULES = YES;
				CLANG_ENABLE_OBJC_ARC = YES;
				CLANG_ENABLE_OBJC_WEAK = YES;
				CLANG_WARN_BLOCK_CAPTURE_AUTORELEASING = YES;
				CLANG_WARN_BOOL_CONVERSION = YES;
				CLANG_WARN_COMMA = YES;
				CLANG_WARN_CONSTANT_CONVERSION = YES;
				CLANG_WARN_DEPRECATED_OBJC_IMPLEMENTATIONS = YES;
				CLANG_WARN_DIRECT_OBJC_ISA_USAGE = YES_ERROR;
				CLANG_WARN_DOCUMENTATION_COMMENTS = YES;
				CLANG_WARN_EMPTY_BODY = YES;
				CLANG_WARN_ENUM_CONVERSION = YES;
				CLANG_WARN_INFINITE_RECURSION = YES;
				CLANG_WARN_INT_CONVERSION = YES;
				CLANG_WARN_NON_LITERAL_NULL_CONVERSION = YES;
				CLANG_WARN_OBJC_IMPLICIT_RETAIN_SELF = YES;
				CLANG_WARN_OBJC_LITERAL_CONVERSION = YES;
				CLANG_WARN_OBJC_ROOT_CLASS = YES_ERROR;
				CLANG_WARN_QUOTED_INCLUDE_IN_FRAMEWORK_HEADER = YES;
				CLANG_WARN_RANGE_LOOP_ANALYSIS = YES;
				CLANG_WARN_STRICT_PROTOTYPES = YES;
				CLANG_WARN_SUSPICIOUS_MOVE = YES;
				CLANG_WARN_UNGUARDED_AVAILABILITY = YES_AGGRESSIVE;
				CLANG_WARN_UNREACHABLE_CODE = YES;
				CLANG_WARN__DUPLICATE_METHOD_MATCH = YES;
				COPY_PHASE_STRIP = NO;
				CURRENT_PROJECT_VERSION = 1;
				DEBUG_INFORMATION_FORMAT = "dwarf-with-dsym";
				ENABLE_NS_ASSERTIONS = NO;
				ENABLE_STRICT_OBJC_MSGSEND = YES;
				GCC_C_LANGUAGE_STANDARD = gnu11;
				GCC_NO_COMMON_BLOCKS = YES;
				GCC_WARN_64_TO_32_BIT_CONVERSION = YES;
				GCC_WARN_ABOUT_RETURN_TYPE = YES_ERROR;
				GCC_WARN_UNDECLARED_SELECTOR = YES;
				GCC_WARN_UNINITIALIZED_AUTOS = YES_AGGRESSIVE;
				GCC_WARN_UNUSED_FUNCTION = YES;
				GCC_WARN_UNUSED_VARIABLE = YES;
				IPHONEOS_DEPLOYMENT_TARGET = 12.1;
				MTL_ENABLE_DEBUG_INFO = NO;
				MTL_FAST_MATH = YES;
				SDKROOT = iphoneos;
				SWIFT_COMPILATION_MODE = wholemodule;
				SWIFT_OPTIMIZATION_LEVEL = "-O";
				VALIDATE_PRODUCT = YES;
				VERSIONING_SYSTEM = "apple-generic";
				VERSION_INFO_PREFIX = "";
			};
			name = Release;
		};
		8543252425923B79004877D2 /* Debug */ = {
			isa = XCBuildConfiguration;
			buildSettings = {
				BUILD_LIBRARY_FOR_DISTRIBUTION = YES;
				CLANG_ENABLE_MODULES = YES;
				CODE_SIGN_STYLE = Automatic;
				DEFINES_MODULE = YES;
				DYLIB_COMPATIBILITY_VERSION = 1;
				DYLIB_CURRENT_VERSION = 1;
				DYLIB_INSTALL_NAME_BASE = "@rpath";
				FRAMEWORK_SEARCH_PATHS = (
					"$(inherited)",
					"$(PROJECT_DIR)/SecurionPay",
					"$(PROJECT_DIR)/SecurionPay/Frameworks/**",
				);
				INFOPLIST_FILE = SecurionPay/Library/Resources/Info.plist;
				INSTALL_PATH = "$(LOCAL_LIBRARY_DIR)/Frameworks";
				IPHONEOS_DEPLOYMENT_TARGET = 13.0;
				LD_RUNPATH_SEARCH_PATHS = (
					"$(inherited)",
					"@executable_path/Frameworks",
					"@loader_path/Frameworks",
				);
				PRODUCT_BUNDLE_IDENTIFIER = com.securionpay.sdk.SecurionPay;
				PRODUCT_NAME = "$(TARGET_NAME:c99extidentifier)";
				SKIP_INSTALL = YES;
				SWIFT_OPTIMIZATION_LEVEL = "-Onone";
				SWIFT_VERSION = 5.0;
				TARGETED_DEVICE_FAMILY = "1,2";
			};
			name = Debug;
		};
		8543252525923B79004877D2 /* Release */ = {
			isa = XCBuildConfiguration;
			buildSettings = {
				BUILD_LIBRARY_FOR_DISTRIBUTION = YES;
				CLANG_ENABLE_MODULES = YES;
				CODE_SIGN_STYLE = Automatic;
				DEFINES_MODULE = YES;
				DYLIB_COMPATIBILITY_VERSION = 1;
				DYLIB_CURRENT_VERSION = 1;
				DYLIB_INSTALL_NAME_BASE = "@rpath";
				FRAMEWORK_SEARCH_PATHS = (
					"$(inherited)",
					"$(PROJECT_DIR)/SecurionPay",
					"$(PROJECT_DIR)/SecurionPay/Frameworks/**",
				);
				INFOPLIST_FILE = SecurionPay/Library/Resources/Info.plist;
				INSTALL_PATH = "$(LOCAL_LIBRARY_DIR)/Frameworks";
				IPHONEOS_DEPLOYMENT_TARGET = 13.0;
				LD_RUNPATH_SEARCH_PATHS = (
					"$(inherited)",
					"@executable_path/Frameworks",
					"@loader_path/Frameworks",
				);
				PRODUCT_BUNDLE_IDENTIFIER = com.securionpay.sdk.SecurionPay;
				PRODUCT_NAME = "$(TARGET_NAME:c99extidentifier)";
				SKIP_INSTALL = YES;
				SWIFT_VERSION = 5.0;
				TARGETED_DEVICE_FAMILY = "1,2";
			};
			name = Release;
		};
		85DEA5EE2628835200EBAFC0 /* Debug */ = {
			isa = XCBuildConfiguration;
			buildSettings = {
				CLANG_ENABLE_MODULES = YES;
				CODE_SIGN_STYLE = Automatic;
				DEVELOPMENT_TEAM = BD8CL6WACS;
				INFOPLIST_FILE = UnitTests/Info.plist;
				IPHONEOS_DEPLOYMENT_TARGET = 13.0;
				LD_RUNPATH_SEARCH_PATHS = (
					"$(inherited)",
					"@executable_path/Frameworks",
					"@loader_path/Frameworks",
				);
				PRODUCT_BUNDLE_IDENTIFIER = com.securionpay.sdk.SecurionPay.UnitTests;
				PRODUCT_NAME = "$(TARGET_NAME)";
				SWIFT_OBJC_BRIDGING_HEADER = "UnitTests/UnitTests-Bridging-Header.h";
				SWIFT_OPTIMIZATION_LEVEL = "-Onone";
				SWIFT_VERSION = 5.0;
				TARGETED_DEVICE_FAMILY = "1,2";
			};
			name = Debug;
		};
		85DEA5EF2628835200EBAFC0 /* Release */ = {
			isa = XCBuildConfiguration;
			buildSettings = {
				CLANG_ENABLE_MODULES = YES;
				CODE_SIGN_STYLE = Automatic;
				DEVELOPMENT_TEAM = BD8CL6WACS;
				INFOPLIST_FILE = UnitTests/Info.plist;
				IPHONEOS_DEPLOYMENT_TARGET = 13.0;
				LD_RUNPATH_SEARCH_PATHS = (
					"$(inherited)",
					"@executable_path/Frameworks",
					"@loader_path/Frameworks",
				);
				PRODUCT_BUNDLE_IDENTIFIER = com.securionpay.sdk.SecurionPay.UnitTests;
				PRODUCT_NAME = "$(TARGET_NAME)";
				SWIFT_OBJC_BRIDGING_HEADER = "UnitTests/UnitTests-Bridging-Header.h";
				SWIFT_VERSION = 5.0;
				TARGETED_DEVICE_FAMILY = "1,2";
			};
			name = Release;
		};
/* End XCBuildConfiguration section */

/* Begin XCConfigurationList section */
		8543251525923B79004877D2 /* Build configuration list for PBXProject "securionpay-ios" */ = {
			isa = XCConfigurationList;
			buildConfigurations = (
				8543252125923B79004877D2 /* Debug */,
				8543252225923B79004877D2 /* Release */,
			);
			defaultConfigurationIsVisible = 0;
			defaultConfigurationName = Release;
		};
		8543252325923B79004877D2 /* Build configuration list for PBXNativeTarget "SecurionPay" */ = {
			isa = XCConfigurationList;
			buildConfigurations = (
				8543252425923B79004877D2 /* Debug */,
				8543252525923B79004877D2 /* Release */,
			);
			defaultConfigurationIsVisible = 0;
			defaultConfigurationName = Release;
		};
		85DEA5ED2628835200EBAFC0 /* Build configuration list for PBXNativeTarget "UnitTests" */ = {
			isa = XCConfigurationList;
			buildConfigurations = (
				85DEA5EE2628835200EBAFC0 /* Debug */,
				85DEA5EF2628835200EBAFC0 /* Release */,
			);
			defaultConfigurationIsVisible = 0;
			defaultConfigurationName = Release;
		};
/* End XCConfigurationList section */
	};
	rootObject = 8543251225923B79004877D2 /* Project object */;
}
