PODS:
  - SecurionPay (1.0.5):
    - SecurionPay/Resources (= 1.0.5)
  - SecurionPay/Resources (1.0.5)
  - SecurionPayDebug (1.0.5):
    - SecurionPayDebug/Resources (= 1.0.5)
  - SecurionPayDebug/Resources (1.0.5)
  - SwiftLint (0.41.0)

DEPENDENCIES:
  - SecurionPay (from `..`)
  - SecurionPayDebug (from `..`)
  - SwiftLint (= 0.41.0)

SPEC REPOS:
  trunk:
    - SwiftLint

EXTERNAL SOURCES:
  SecurionPay:
    :path: ".."
  SecurionPayDebug:
    :path: ".."

SPEC CHECKSUMS:
  SecurionPay: c1317e235c66e51193db17d7e60cf573201ac238
  SecurionPayDebug: d384f13a01046728e7f95cdbaf766ef4aac61c82
  SwiftLint: c585ebd615d9520d7fbdbe151f527977b0534f1e

PODFILE CHECKSUM: 01303d9f26a92a9671cc84f54962746ab57d3c62

COCOAPODS: 1.11.2
